// !$*UTF8*$!
{
	archiveVersion = 1;
	classes = {
	};
	objectVersion = 46;
	objects = {

/* Begin PBXBuildFile section */
		00BFEE2E1B7A7CB300722B66 /* main.m in Sources */ = {isa = PBXBuildFile; fileRef = 00BFEE2D1B7A7CB300722B66 /* main.m */; };
		00BFEE311B7A7CB300722B66 /* AppDelegate.m in Sources */ = {isa = PBXBuildFile; fileRef = 00BFEE301B7A7CB300722B66 /* AppDelegate.m */; };
		00BFEE341B7A7CB300722B66 /* ViewController.m in Sources */ = {isa = PBXBuildFile; fileRef = 00BFEE331B7A7CB300722B66 /* ViewController.m */; };
		00BFEE371B7A7CB300722B66 /* Main.storyboard in Resources */ = {isa = PBXBuildFile; fileRef = 00BFEE351B7A7CB300722B66 /* Main.storyboard */; };
		00BFEE391B7A7CB300722B66 /* Images.xcassets in Resources */ = {isa = PBXBuildFile; fileRef = 00BFEE381B7A7CB300722B66 /* Images.xcassets */; };
		00BFEE3C1B7A7CB300722B66 /* LaunchScreen.xib in Resources */ = {isa = PBXBuildFile; fileRef = 00BFEE3A1B7A7CB300722B66 /* LaunchScreen.xib */; };
		00BFEE481B7A7CB300722B66 /* SDViewTests.m in Sources */ = {isa = PBXBuildFile; fileRef = 00BFEE471B7A7CB300722B66 /* SDViewTests.m */; };
		00BFEE521B7A7D3C00722B66 /* Screen Shot 2015-08-12 at 12.24.29 am.png in Resources */ = {isa = PBXBuildFile; fileRef = 00BFEE511B7A7D3C00722B66 /* Screen Shot 2015-08-12 at 12.24.29 am.png */; };
/* End PBXBuildFile section */

/* Begin PBXContainerItemProxy section */
		00BFEE421B7A7CB300722B66 /* PBXContainerItemProxy */ = {
			isa = PBXContainerItemProxy;
			containerPortal = 00BFEE201B7A7CB300722B66 /* Project object */;
			proxyType = 1;
			remoteGlobalIDString = 00BFEE271B7A7CB300722B66;
			remoteInfo = SDView;
		};
/* End PBXContainerItemProxy section */

/* Begin PBXFileReference section */
		00BFEE281B7A7CB300722B66 /* SDView.app */ = {isa = PBXFileReference; explicitFileType = wrapper.application; includeInIndex = 0; path = SDView.app; sourceTree = BUILT_PRODUCTS_DIR; };
		00BFEE2C1B7A7CB300722B66 /* Info.plist */ = {isa = PBXFileReference; lastKnownFileType = text.plist.xml; path = Info.plist; sourceTree = "<group>"; };
		00BFEE2D1B7A7CB300722B66 /* main.m */ = {isa = PBXFileReference; lastKnownFileType = sourcecode.c.objc; path = main.m; sourceTree = "<group>"; };
		00BFEE2F1B7A7CB300722B66 /* AppDelegate.h */ = {isa = PBXFileReference; lastKnownFileType = sourcecode.c.h; path = AppDelegate.h; sourceTree = "<group>"; };
		00BFEE301B7A7CB300722B66 /* AppDelegate.m */ = {isa = PBXFileReference; lastKnownFileType = sourcecode.c.objc; path = AppDelegate.m; sourceTree = "<group>"; };
		00BFEE321B7A7CB300722B66 /* ViewController.h */ = {isa = PBXFileReference; lastKnownFileType = sourcecode.c.h; path = ViewController.h; sourceTree = "<group>"; };
		00BFEE331B7A7CB300722B66 /* ViewController.m */ = {isa = PBXFileReference; lastKnownFileType = sourcecode.c.objc; path = ViewController.m; sourceTree = "<group>"; };
		00BFEE361B7A7CB300722B66 /* Base */ = {isa = PBXFileReference; lastKnownFileType = file.storyboard; name = Base; path = Base.lproj/Main.storyboard; sourceTree = "<group>"; };
		00BFEE381B7A7CB300722B66 /* Images.xcassets */ = {isa = PBXFileReference; lastKnownFileType = folder.assetcatalog; path = Images.xcassets; sourceTree = "<group>"; };
		00BFEE3B1B7A7CB300722B66 /* Base */ = {isa = PBXFileReference; lastKnownFileType = file.xib; name = Base; path = Base.lproj/LaunchScreen.xib; sourceTree = "<group>"; };
		00BFEE411B7A7CB300722B66 /* SDViewTests.xctest */ = {isa = PBXFileReference; explicitFileType = wrapper.cfbundle; includeInIndex = 0; path = SDViewTests.xctest; sourceTree = BUILT_PRODUCTS_DIR; };
		00BFEE461B7A7CB300722B66 /* Info.plist */ = {isa = PBXFileReference; lastKnownFileType = text.plist.xml; path = Info.plist; sourceTree = "<group>"; };
		00BFEE471B7A7CB300722B66 /* SDViewTests.m */ = {isa = PBXFileReference; lastKnownFileType = sourcecode.c.objc; path = SDViewTests.m; sourceTree = "<group>"; };
		00BFEE511B7A7D3C00722B66 /* Screen Shot 2015-08-12 at 12.24.29 am.png */ = {isa = PBXFileReference; lastKnownFileType = image.png; name = "Screen Shot 2015-08-12 at 12.24.29 am.png"; path = "../../../Desktop/Screen Shot 2015-08-12 at 12.24.29 am.png"; sourceTree = "<group>"; };
/* End PBXFileReference section */

/* Begin PBXFrameworksBuildPhase section */
		00BFEE251B7A7CB300722B66 /* Frameworks */ = {
			isa = PBXFrameworksBuildPhase;
			buildActionMask = 2147483647;
			files = (
			);
			runOnlyForDeploymentPostprocessing = 0;
		};
		00BFEE3E1B7A7CB300722B66 /* Frameworks */ = {
			isa = PBXFrameworksBuildPhase;
			buildActionMask = 2147483647;
			files = (
			);
			runOnlyForDeploymentPostprocessing = 0;
		};
/* End PBXFrameworksBuildPhase section */

/* Begin PBXGroup section */
		00BFEE1F1B7A7CB300722B66 = {
			isa = PBXGroup;
			children = (
				00BFEE2A1B7A7CB300722B66 /* SDView */,
				00BFEE441B7A7CB300722B66 /* SDViewTests */,
				00BFEE291B7A7CB300722B66 /* Products */,
			);
			sourceTree = "<group>";
		};
		00BFEE291B7A7CB300722B66 /* Products */ = {
			isa = PBXGroup;
			children = (
				00BFEE281B7A7CB300722B66 /* SDView.app */,
				00BFEE411B7A7CB300722B66 /* SDViewTests.xctest */,
			);
			name = Products;
			sourceTree = "<group>";
		};
		00BFEE2A1B7A7CB300722B66 /* SDView */ = {
			isa = PBXGroup;
			children = (
				00BFEE2F1B7A7CB300722B66 /* AppDelegate.h */,
				00BFEE301B7A7CB300722B66 /* AppDelegate.m */,
				00BFEE321B7A7CB300722B66 /* ViewController.h */,
				00BFEE331B7A7CB300722B66 /* ViewController.m */,
				00BFEE351B7A7CB300722B66 /* Main.storyboard */,
				00BFEE381B7A7CB300722B66 /* Images.xcassets */,
				00BFEE3A1B7A7CB300722B66 /* LaunchScreen.xib */,
				00BFEE2B1B7A7CB300722B66 /* Supporting Files */,
			);
			path = SDView;
			sourceTree = "<group>";
		};
		00BFEE2B1B7A7CB300722B66 /* Supporting Files */ = {
			isa = PBXGroup;
			children = (
				00BFEE511B7A7D3C00722B66 /* Screen Shot 2015-08-12 at 12.24.29 am.png */,
				00BFEE2C1B7A7CB300722B66 /* Info.plist */,
				00BFEE2D1B7A7CB300722B66 /* main.m */,
			);
			name = "Supporting Files";
			sourceTree = "<group>";
		};
		00BFEE441B7A7CB300722B66 /* SDViewTests */ = {
			isa = PBXGroup;
			children = (
				00BFEE471B7A7CB300722B66 /* SDViewTests.m */,
				00BFEE451B7A7CB300722B66 /* Supporting Files */,
			);
			path = SDViewTests;
			sourceTree = "<group>";
		};
		00BFEE451B7A7CB300722B66 /* Supporting Files */ = {
			isa = PBXGroup;
			children = (
				00BFEE461B7A7CB300722B66 /* Info.plist */,
			);
			name = "Supporting Files";
			sourceTree = "<group>";
		};
/* End PBXGroup section */

/* Begin PBXNativeTarget section */
		00BFEE271B7A7CB300722B66 /* SDView */ = {
			isa = PBXNativeTarget;
			buildConfigurationList = 00BFEE4B1B7A7CB300722B66 /* Build configuration list for PBXNativeTarget "SDView" */;
			buildPhases = (
				00BFEE241B7A7CB300722B66 /* Sources */,
				00BFEE251B7A7CB300722B66 /* Frameworks */,
				00BFEE261B7A7CB300722B66 /* Resources */,
			);
			buildRules = (
			);
			dependencies = (
			);
			name = SDView;
			productName = SDView;
			productReference = 00BFEE281B7A7CB300722B66 /* SDView.app */;
			productType = "com.apple.product-type.application";
		};
		00BFEE401B7A7CB300722B66 /* SDViewTests */ = {
			isa = PBXNativeTarget;
			buildConfigurationList = 00BFEE4E1B7A7CB300722B66 /* Build configuration list for PBXNativeTarget "SDViewTests" */;
			buildPhases = (
				00BFEE3D1B7A7CB300722B66 /* Sources */,
				00BFEE3E1B7A7CB300722B66 /* Frameworks */,
				00BFEE3F1B7A7CB300722B66 /* Resources */,
			);
			buildRules = (
			);
			dependencies = (
				00BFEE431B7A7CB300722B66 /* PBXTargetDependency */,
			);
			name = SDViewTests;
			productName = SDViewTests;
			productReference = 00BFEE411B7A7CB300722B66 /* SDViewTests.xctest */;
			productType = "com.apple.product-type.bundle.unit-test";
		};
/* End PBXNativeTarget section */

/* Begin PBXProject section */
		00BFEE201B7A7CB300722B66 /* Project object */ = {
			isa = PBXProject;
			attributes = {
				LastUpgradeCheck = 0610;
				ORGANIZATIONNAME = Robin;
				TargetAttributes = {
					00BFEE271B7A7CB300722B66 = {
						CreatedOnToolsVersion = 6.1.1;
					};
					00BFEE401B7A7CB300722B66 = {
						CreatedOnToolsVersion = 6.1.1;
						TestTargetID = 00BFEE271B7A7CB300722B66;
					};
				};
			};
			buildConfigurationList = 00BFEE231B7A7CB300722B66 /* Build configuration list for PBXProject "SDView" */;
			compatibilityVersion = "Xcode 3.2";
			developmentRegion = English;
			hasScannedForEncodings = 0;
			knownRegions = (
				en,
				Base,
			);
			mainGroup = 00BFEE1F1B7A7CB300722B66;
			productRefGroup = 00BFEE291B7A7CB300722B66 /* Products */;
			projectDirPath = "";
			projectRoot = "";
			targets = (
				00BFEE271B7A7CB300722B66 /* SDView */,
				00BFEE401B7A7CB300722B66 /* SDViewTests */,
			);
		};
/* End PBXProject section */

/* Begin PBXResourcesBuildPhase section */
		00BFEE261B7A7CB300722B66 /* Resources */ = {
			isa = PBXResourcesBuildPhase;
			buildActionMask = 2147483647;
			files = (
				00BFEE371B7A7CB300722B66 /* Main.storyboard in Resources */,
				00BFEE3C1B7A7CB300722B66 /* LaunchScreen.xib in Resources */,
				00BFEE521B7A7D3C00722B66 /* Screen Shot 2015-08-12 at 12.24.29 am.png in Resources */,
				00BFEE391B7A7CB300722B66 /* Images.xcassets in Resources */,
			);
			runOnlyForDeploymentPostprocessing = 0;
		};
		00BFEE3F1B7A7CB300722B66 /* Resources */ = {
			isa = PBXResourcesBuildPhase;
			buildActionMask = 2147483647;
			files = (
			);
			runOnlyForDeploymentPostprocessing = 0;
		};
/* End PBXResourcesBuildPhase section */

/* Begin PBXSourcesBuildPhase section */
		00BFEE241B7A7CB300722B66 /* Sources */ = {
			isa = PBXSourcesBuildPhase;
			buildActionMask = 2147483647;
			files = (
				00BFEE341B7A7CB300722B66 /* ViewController.m in Sources */,
				00BFEE311B7A7CB300722B66 /* AppDelegate.m in Sources */,
				00BFEE2E1B7A7CB300722B66 /* main.m in Sources */,
			);
			runOnlyForDeploymentPostprocessing = 0;
		};
		00BFEE3D1B7A7CB300722B66 /* Sources */ = {
			isa = PBXSourcesBuildPhase;
			buildActionMask = 2147483647;
			files = (
				00BFEE481B7A7CB300722B66 /* SDViewTests.m in Sources */,
			);
			runOnlyForDeploymentPostprocessing = 0;
		};
/* End PBXSourcesBuildPhase section */

/* Begin PBXTargetDependency section */
		00BFEE431B7A7CB300722B66 /* PBXTargetDependency */ = {
			isa = PBXTargetDependency;
			target = 00BFEE271B7A7CB300722B66 /* SDView */;
			targetProxy = 00BFEE421B7A7CB300722B66 /* PBXContainerItemProxy */;
		};
/* End PBXTargetDependency section */

/* Begin PBXVariantGroup section */
		00BFEE351B7A7CB300722B66 /* Main.storyboard */ = {
			isa = PBXVariantGroup;
			children = (
				00BFEE361B7A7CB300722B66 /* Base */,
			);
			name = Main.storyboard;
			sourceTree = "<group>";
		};
		00BFEE3A1B7A7CB300722B66 /* LaunchScreen.xib */ = {
			isa = PBXVariantGroup;
			children = (
				00BFEE3B1B7A7CB300722B66 /* Base */,
			);
			name = LaunchScreen.xib;
			sourceTree = "<group>";
		};
/* End PBXVariantGroup section */

/* Begin XCBuildConfiguration section */
		00BFEE491B7A7CB300722B66 /* Debug */ = {
			isa = XCBuildConfiguration;
			buildSettings = {
				ALWAYS_SEARCH_USER_PATHS = NO;
				CLANG_CXX_LANGUAGE_STANDARD = "gnu++0x";
				CLANG_CXX_LIBRARY = "libc++";
				CLANG_ENABLE_MODULES = YES;
				CLANG_ENABLE_OBJC_ARC = YES;
				CLANG_WARN_BOOL_CONVERSION = YES;
				CLANG_WARN_CONSTANT_CONVERSION = YES;
				CLANG_WARN_DIRECT_OBJC_ISA_USAGE = YES_ERROR;
				CLANG_WARN_EMPTY_BODY = YES;
				CLANG_WARN_ENUM_CONVERSION = YES;
				CLANG_WARN_INT_CONVERSION = YES;
				CLANG_WARN_OBJC_ROOT_CLASS = YES_ERROR;
				CLANG_WARN_UNREACHABLE_CODE = YES;
				CLANG_WARN__DUPLICATE_METHOD_MATCH = YES;
				"CODE_SIGN_IDENTITY[sdk=iphoneos*]" = "iPhone Developer";
				COPY_PHASE_STRIP = NO;
				ENABLE_STRICT_OBJC_MSGSEND = YES;
				GCC_C_LANGUAGE_STANDARD = gnu99;
				GCC_DYNAMIC_NO_PIC = NO;
				GCC_OPTIMIZATION_LEVEL = 0;
				GCC_PREPROCESSOR_DEFINITIONS = (
					"DEBUG=1",
					"$(inherited)",
				);
				GCC_SYMBOLS_PRIVATE_EXTERN = NO;
				GCC_WARN_64_TO_32_BIT_CONVERSION = YES;
				GCC_WARN_ABOUT_RETURN_TYPE = YES_ERROR;
				GCC_WARN_UNDECLARED_SELECTOR = YES;
				GCC_WARN_UNINITIALIZED_AUTOS = YES_AGGRESSIVE;
				GCC_WARN_UNUSED_FUNCTION = YES;
				GCC_WARN_UNUSED_VARIABLE = YES;
				IPHONEOS_DEPLOYMENT_TARGET = 8.1;
				MTL_ENABLE_DEBUG_INFO = YES;
				ONLY_ACTIVE_ARCH = YES;
				SDKROOT = iphoneos;
			};
			name = Debug;
		};
		00BFEE4A1B7A7CB300722B66 /* Release */ = {
			isa = XCBuildConfiguration;
			buildSettings = {
				ALWAYS_SEARCH_USER_PATHS = NO;
				CLANG_CXX_LANGUAGE_STANDARD = "gnu++0x";
				CLANG_CXX_LIBRARY = "libc++";
				CLANG_ENABLE_MODULES = YES;
				CLANG_ENABLE_OBJC_ARC = YES;
				CLANG_WARN_BOOL_CONVERSION = YES;
				CLANG_WARN_CONSTANT_CONVERSION = YES;
				CLANG_WARN_DIRECT_OBJC_ISA_USAGE = YES_ERROR;
				CLANG_WARN_EMPTY_BODY = YES;
				CLANG_WARN_ENUM_CONVERSION = YES;
				CLANG_WARN_INT_CONVERSION = YES;
				CLANG_WARN_OBJC_ROOT_CLASS = YES_ERROR;
				CLANG_WARN_UNREACHABLE_CODE = YES;
				CLANG_WARN__DUPLICATE_METHOD_MATCH = YES;
				"CODE_SIGN_IDENTITY[sdk=iphoneos*]" = "iPhone Developer";
				COPY_PHASE_STRIP = YES;
				ENABLE_NS_ASSERTIONS = NO;
				ENABLE_STRICT_OBJC_MSGSEND = YES;
				GCC_C_LANGUAGE_STANDARD = gnu99;
				GCC_WARN_64_TO_32_BIT_CONVERSION = YES;
				GCC_WARN_ABOUT_RETURN_TYPE = YES_ERROR;
				GCC_WARN_UNDECLARED_SELECTOR = YES;
				GCC_WARN_UNINITIALIZED_AUTOS = YES_AGGRESSIVE;
				GCC_WARN_UNUSED_FUNCTION = YES;
				GCC_WARN_UNUSED_VARIABLE = YES;
				IPHONEOS_DEPLOYMENT_TARGET = 8.1;
				MTL_ENABLE_DEBUG_INFO = NO;
				SDKROOT = iphoneos;
				VALIDATE_PRODUCT = YES;
			};
			name = Release;
		};
		00BFEE4C1B7A7CB300722B66 /* Debug */ = {
			isa = XCBuildConfiguration;
			buildSettings = {
				ASSETCATALOG_COMPILER_APPICON_NAME = AppIcon;
				INFOPLIST_FILE = SDView/Info.plist;
				LD_RUNPATH_SEARCH_PATHS = "$(inherited) @executable_path/Frameworks";
				PRODUCT_NAME = "$(TARGET_NAME)";
			};
			name = Debug;
		};
		00BFEE4D1B7A7CB300722B66 /* Release */ = {
			isa = XCBuildConfiguration;
			buildSettings = {
				ASSETCATALOG_COMPILER_APPICON_NAME = AppIcon;
				INFOPLIST_FILE = SDView/Info.plist;
				LD_RUNPATH_SEARCH_PATHS = "$(inherited) @executable_path/Frameworks";
				PRODUCT_NAME = "$(TARGET_NAME)";
			};
			name = Release;
		};
		00BFEE4F1B7A7CB300722B66 /* Debug */ = {
			isa = XCBuildConfiguration;
			buildSettings = {
				BUNDLE_LOADER = "$(TEST_HOST)";
				FRAMEWORK_SEARCH_PATHS = (
					"$(SDKROOT)/Developer/Library/Frameworks",
					"$(inherited)",
				);
				GCC_PREPROCESSOR_DEFINITIONS = (
					"DEBUG=1",
					"$(inherited)",
				);
				INFOPLIST_FILE = SDViewTests/Info.plist;
				LD_RUNPATH_SEARCH_PATHS = "$(inherited) @executable_path/Frameworks @loader_path/Frameworks";
				PRODUCT_NAME = "$(TARGET_NAME)";
				TEST_HOST = "$(BUILT_PRODUCTS_DIR)/SDView.app/SDView";
			};
			name = Debug;
		};
		00BFEE501B7A7CB300722B66 /* Release */ = {
			isa = XCBuildConfiguration;
			buildSettings = {
				BUNDLE_LOADER = "$(TEST_HOST)";
				FRAMEWORK_SEARCH_PATHS = (
					"$(SDKROOT)/Developer/Library/Frameworks",
					"$(inherited)",
				);
				INFOPLIST_FILE = SDViewTests/Info.plist;
				LD_RUNPATH_SEARCH_PATHS = "$(inherited) @executable_path/Frameworks @loader_path/Frameworks";
				PRODUCT_NAME = "$(TARGET_NAME)";
				TEST_HOST = "$(BUILT_PRODUCTS_DIR)/SDView.app/SDView";
			};
			name = Release;
		};
/* End XCBuildConfiguration section */

/* Begin XCConfigurationList section */
		00BFEE231B7A7CB300722B66 /* Build configuration list for PBXProject "SDView" */ = {
			isa = XCConfigurationList;
			buildConfigurations = (
				00BFEE491B7A7CB300722B66 /* Debug */,
				00BFEE4A1B7A7CB300722B66 /* Release */,
			);
			defaultConfigurationIsVisible = 0;
			defaultConfigurationName = Release;
		};
		00BFEE4B1B7A7CB300722B66 /* Build configuration list for PBXNativeTarget "SDView" */ = {
			isa = XCConfigurationList;
			buildConfigurations = (
				00BFEE4C1B7A7CB300722B66 /* Debug */,
				00BFEE4D1B7A7CB300722B66 /* Release */,
			);
			defaultConfigurationIsVisible = 0;
		};
		00BFEE4E1B7A7CB300722B66 /* Build configuration list for PBXNativeTarget "SDViewTests" */ = {
			isa = XCConfigurationList;
			buildConfigurations = (
				00BFEE4F1B7A7CB300722B66 /* Debug */,
				00BFEE501B7A7CB300722B66 /* Release */,
			);
			defaultConfigurationIsVisible = 0;
		};
/* End XCConfigurationList section */
	};
	rootObject = 00BFEE201B7A7CB300722B66 /* Project object */;
}
