// !$*UTF8*$!
{
	archiveVersion = 1;
	classes = {
	};
	objectVersion = 46;
	objects = {

/* Begin PBXBuildFile section */
		00C4091A1B73EF9D002C8BE0 /* main.m in Sources */ = {isa = PBXBuildFile; fileRef = 00C409191B73EF9D002C8BE0 /* main.m */; };
		00C4091D1B73EF9D002C8BE0 /* AppDelegate.m in Sources */ = {isa = PBXBuildFile; fileRef = 00C4091C1B73EF9D002C8BE0 /* AppDelegate.m */; };
		00C409201B73EF9D002C8BE0 /* ViewController.m in Sources */ = {isa = PBXBuildFile; fileRef = 00C4091F1B73EF9D002C8BE0 /* ViewController.m */; };
		00C409231B73EF9D002C8BE0 /* Main.storyboard in Resources */ = {isa = PBXBuildFile; fileRef = 00C409211B73EF9D002C8BE0 /* Main.storyboard */; };
		00C409251B73EF9D002C8BE0 /* Images.xcassets in Resources */ = {isa = PBXBuildFile; fileRef = 00C409241B73EF9D002C8BE0 /* Images.xcassets */; };
		00C409281B73EF9D002C8BE0 /* LaunchScreen.xib in Resources */ = {isa = PBXBuildFile; fileRef = 00C409261B73EF9D002C8BE0 /* LaunchScreen.xib */; };
		00C409341B73EF9E002C8BE0 /* SDLiftTests.m in Sources */ = {isa = PBXBuildFile; fileRef = 00C409331B73EF9E002C8BE0 /* SDLiftTests.m */; };
/* End PBXBuildFile section */

/* Begin PBXContainerItemProxy section */
		00C4092E1B73EF9D002C8BE0 /* PBXContainerItemProxy */ = {
			isa = PBXContainerItemProxy;
			containerPortal = 00C4090C1B73EF9D002C8BE0 /* Project object */;
			proxyType = 1;
			remoteGlobalIDString = 00C409131B73EF9D002C8BE0;
			remoteInfo = SDLift;
		};
/* End PBXContainerItemProxy section */

/* Begin PBXFileReference section */
		00C409141B73EF9D002C8BE0 /* SDLift.app */ = {isa = PBXFileReference; explicitFileType = wrapper.application; includeInIndex = 0; path = SDLift.app; sourceTree = BUILT_PRODUCTS_DIR; };
		00C409181B73EF9D002C8BE0 /* Info.plist */ = {isa = PBXFileReference; lastKnownFileType = text.plist.xml; path = Info.plist; sourceTree = "<group>"; };
		00C409191B73EF9D002C8BE0 /* main.m */ = {isa = PBXFileReference; lastKnownFileType = sourcecode.c.objc; path = main.m; sourceTree = "<group>"; };
		00C4091B1B73EF9D002C8BE0 /* AppDelegate.h */ = {isa = PBXFileReference; lastKnownFileType = sourcecode.c.h; path = AppDelegate.h; sourceTree = "<group>"; };
		00C4091C1B73EF9D002C8BE0 /* AppDelegate.m */ = {isa = PBXFileReference; lastKnownFileType = sourcecode.c.objc; path = AppDelegate.m; sourceTree = "<group>"; };
		00C4091E1B73EF9D002C8BE0 /* ViewController.h */ = {isa = PBXFileReference; lastKnownFileType = sourcecode.c.h; path = ViewController.h; sourceTree = "<group>"; };
		00C4091F1B73EF9D002C8BE0 /* ViewController.m */ = {isa = PBXFileReference; lastKnownFileType = sourcecode.c.objc; path = ViewController.m; sourceTree = "<group>"; };
		00C409221B73EF9D002C8BE0 /* Base */ = {isa = PBXFileReference; lastKnownFileType = file.storyboard; name = Base; path = Base.lproj/Main.storyboard; sourceTree = "<group>"; };
		00C409241B73EF9D002C8BE0 /* Images.xcassets */ = {isa = PBXFileReference; lastKnownFileType = folder.assetcatalog; path = Images.xcassets; sourceTree = "<group>"; };
		00C409271B73EF9D002C8BE0 /* Base */ = {isa = PBXFileReference; lastKnownFileType = file.xib; name = Base; path = Base.lproj/LaunchScreen.xib; sourceTree = "<group>"; };
		00C4092D1B73EF9D002C8BE0 /* SDLiftTests.xctest */ = {isa = PBXFileReference; explicitFileType = wrapper.cfbundle; includeInIndex = 0; path = SDLiftTests.xctest; sourceTree = BUILT_PRODUCTS_DIR; };
		00C409321B73EF9D002C8BE0 /* Info.plist */ = {isa = PBXFileReference; lastKnownFileType = text.plist.xml; path = Info.plist; sourceTree = "<group>"; };
		00C409331B73EF9E002C8BE0 /* SDLiftTests.m */ = {isa = PBXFileReference; lastKnownFileType = sourcecode.c.objc; path = SDLiftTests.m; sourceTree = "<group>"; };
/* End PBXFileReference section */

/* Begin PBXFrameworksBuildPhase section */
		00C409111B73EF9D002C8BE0 /* Frameworks */ = {
			isa = PBXFrameworksBuildPhase;
			buildActionMask = 2147483647;
			files = (
			);
			runOnlyForDeploymentPostprocessing = 0;
		};
		00C4092A1B73EF9D002C8BE0 /* Frameworks */ = {
			isa = PBXFrameworksBuildPhase;
			buildActionMask = 2147483647;
			files = (
			);
			runOnlyForDeploymentPostprocessing = 0;
		};
/* End PBXFrameworksBuildPhase section */

/* Begin PBXGroup section */
		00C4090B1B73EF9D002C8BE0 = {
			isa = PBXGroup;
			children = (
				00C409161B73EF9D002C8BE0 /* SDLift */,
				00C409301B73EF9D002C8BE0 /* SDLiftTests */,
				00C409151B73EF9D002C8BE0 /* Products */,
			);
			sourceTree = "<group>";
		};
		00C409151B73EF9D002C8BE0 /* Products */ = {
			isa = PBXGroup;
			children = (
				00C409141B73EF9D002C8BE0 /* SDLift.app */,
				00C4092D1B73EF9D002C8BE0 /* SDLiftTests.xctest */,
			);
			name = Products;
			sourceTree = "<group>";
		};
		00C409161B73EF9D002C8BE0 /* SDLift */ = {
			isa = PBXGroup;
			children = (
				00C4091B1B73EF9D002C8BE0 /* AppDelegate.h */,
				00C4091C1B73EF9D002C8BE0 /* AppDelegate.m */,
				00C4091E1B73EF9D002C8BE0 /* ViewController.h */,
				00C4091F1B73EF9D002C8BE0 /* ViewController.m */,
				00C409211B73EF9D002C8BE0 /* Main.storyboard */,
				00C409241B73EF9D002C8BE0 /* Images.xcassets */,
				00C409261B73EF9D002C8BE0 /* LaunchScreen.xib */,
				00C409171B73EF9D002C8BE0 /* Supporting Files */,
			);
			path = SDLift;
			sourceTree = "<group>";
		};
		00C409171B73EF9D002C8BE0 /* Supporting Files */ = {
			isa = PBXGroup;
			children = (
				00C409181B73EF9D002C8BE0 /* Info.plist */,
				00C409191B73EF9D002C8BE0 /* main.m */,
			);
			name = "Supporting Files";
			sourceTree = "<group>";
		};
		00C409301B73EF9D002C8BE0 /* SDLiftTests */ = {
			isa = PBXGroup;
			children = (
				00C409331B73EF9E002C8BE0 /* SDLiftTests.m */,
				00C409311B73EF9D002C8BE0 /* Supporting Files */,
			);
			path = SDLiftTests;
			sourceTree = "<group>";
		};
		00C409311B73EF9D002C8BE0 /* Supporting Files */ = {
			isa = PBXGroup;
			children = (
				00C409321B73EF9D002C8BE0 /* Info.plist */,
			);
			name = "Supporting Files";
			sourceTree = "<group>";
		};
/* End PBXGroup section */

/* Begin PBXNativeTarget section */
		00C409131B73EF9D002C8BE0 /* SDLift */ = {
			isa = PBXNativeTarget;
			buildConfigurationList = 00C409371B73EF9E002C8BE0 /* Build configuration list for PBXNativeTarget "SDLift" */;
			buildPhases = (
				00C409101B73EF9D002C8BE0 /* Sources */,
				00C409111B73EF9D002C8BE0 /* Frameworks */,
				00C409121B73EF9D002C8BE0 /* Resources */,
			);
			buildRules = (
			);
			dependencies = (
			);
			name = SDLift;
			productName = SDLift;
			productReference = 00C409141B73EF9D002C8BE0 /* SDLift.app */;
			productType = "com.apple.product-type.application";
		};
		00C4092C1B73EF9D002C8BE0 /* SDLiftTests */ = {
			isa = PBXNativeTarget;
			buildConfigurationList = 00C4093A1B73EF9E002C8BE0 /* Build configuration list for PBXNativeTarget "SDLiftTests" */;
			buildPhases = (
				00C409291B73EF9D002C8BE0 /* Sources */,
				00C4092A1B73EF9D002C8BE0 /* Frameworks */,
				00C4092B1B73EF9D002C8BE0 /* Resources */,
			);
			buildRules = (
			);
			dependencies = (
				00C4092F1B73EF9D002C8BE0 /* PBXTargetDependency */,
			);
			name = SDLiftTests;
			productName = SDLiftTests;
			productReference = 00C4092D1B73EF9D002C8BE0 /* SDLiftTests.xctest */;
			productType = "com.apple.product-type.bundle.unit-test";
		};
/* End PBXNativeTarget section */

/* Begin PBXProject section */
		00C4090C1B73EF9D002C8BE0 /* Project object */ = {
			isa = PBXProject;
			attributes = {
				LastUpgradeCheck = 0610;
				ORGANIZATIONNAME = Robin;
				TargetAttributes = {
					00C409131B73EF9D002C8BE0 = {
						CreatedOnToolsVersion = 6.1.1;
					};
					00C4092C1B73EF9D002C8BE0 = {
						CreatedOnToolsVersion = 6.1.1;
						TestTargetID = 00C409131B73EF9D002C8BE0;
					};
				};
			};
			buildConfigurationList = 00C4090F1B73EF9D002C8BE0 /* Build configuration list for PBXProject "SDLift" */;
			compatibilityVersion = "Xcode 3.2";
			developmentRegion = English;
			hasScannedForEncodings = 0;
			knownRegions = (
				en,
				Base,
			);
			mainGroup = 00C4090B1B73EF9D002C8BE0;
			productRefGroup = 00C409151B73EF9D002C8BE0 /* Products */;
			projectDirPath = "";
			projectRoot = "";
			targets = (
				00C409131B73EF9D002C8BE0 /* SDLift */,
				00C4092C1B73EF9D002C8BE0 /* SDLiftTests */,
			);
		};
/* End PBXProject section */

/* Begin PBXResourcesBuildPhase section */
		00C409121B73EF9D002C8BE0 /* Resources */ = {
			isa = PBXResourcesBuildPhase;
			buildActionMask = 2147483647;
			files = (
				00C409231B73EF9D002C8BE0 /* Main.storyboard in Resources */,
				00C409281B73EF9D002C8BE0 /* LaunchScreen.xib in Resources */,
				00C409251B73EF9D002C8BE0 /* Images.xcassets in Resources */,
			);
			runOnlyForDeploymentPostprocessing = 0;
		};
		00C4092B1B73EF9D002C8BE0 /* Resources */ = {
			isa = PBXResourcesBuildPhase;
			buildActionMask = 2147483647;
			files = (
			);
			runOnlyForDeploymentPostprocessing = 0;
		};
/* End PBXResourcesBuildPhase section */

/* Begin PBXSourcesBuildPhase section */
		00C409101B73EF9D002C8BE0 /* Sources */ = {
			isa = PBXSourcesBuildPhase;
			buildActionMask = 2147483647;
			files = (
				00C409201B73EF9D002C8BE0 /* ViewController.m in Sources */,
				00C4091D1B73EF9D002C8BE0 /* AppDelegate.m in Sources */,
				00C4091A1B73EF9D002C8BE0 /* main.m in Sources */,
			);
			runOnlyForDeploymentPostprocessing = 0;
		};
		00C409291B73EF9D002C8BE0 /* Sources */ = {
			isa = PBXSourcesBuildPhase;
			buildActionMask = 2147483647;
			files = (
				00C409341B73EF9E002C8BE0 /* SDLiftTests.m in Sources */,
			);
			runOnlyForDeploymentPostprocessing = 0;
		};
/* End PBXSourcesBuildPhase section */

/* Begin PBXTargetDependency section */
		00C4092F1B73EF9D002C8BE0 /* PBXTargetDependency */ = {
			isa = PBXTargetDependency;
			target = 00C409131B73EF9D002C8BE0 /* SDLift */;
			targetProxy = 00C4092E1B73EF9D002C8BE0 /* PBXContainerItemProxy */;
		};
/* End PBXTargetDependency section */

/* Begin PBXVariantGroup section */
		00C409211B73EF9D002C8BE0 /* Main.storyboard */ = {
			isa = PBXVariantGroup;
			children = (
				00C409221B73EF9D002C8BE0 /* Base */,
			);
			name = Main.storyboard;
			sourceTree = "<group>";
		};
		00C409261B73EF9D002C8BE0 /* LaunchScreen.xib */ = {
			isa = PBXVariantGroup;
			children = (
				00C409271B73EF9D002C8BE0 /* Base */,
			);
			name = LaunchScreen.xib;
			sourceTree = "<group>";
		};
/* End PBXVariantGroup section */

/* Begin XCBuildConfiguration section */
		00C409351B73EF9E002C8BE0 /* Debug */ = {
			isa = XCBuildConfiguration;
			buildSettings = {
				ALWAYS_SEARCH_USER_PATHS = NO;
				CLANG_CXX_LANGUAGE_STANDARD = "gnu++0x";
				CLANG_CXX_LIBRARY = "libc++";
				CLANG_ENABLE_MODULES = YES;
				CLANG_ENABLE_OBJC_ARC = YES;
				CLANG_WARN_BOOL_CONVERSION = YES;
				CLANG_WARN_CONSTANT_CONVERSION = YES;
				CLANG_WARN_DIRECT_OBJC_ISA_USAGE = YES_ERROR;
				CLANG_WARN_EMPTY_BODY = YES;
				CLANG_WARN_ENUM_CONVERSION = YES;
				CLANG_WARN_INT_CONVERSION = YES;
				CLANG_WARN_OBJC_ROOT_CLASS = YES_ERROR;
				CLANG_WARN_UNREACHABLE_CODE = YES;
				CLANG_WARN__DUPLICATE_METHOD_MATCH = YES;
				"CODE_SIGN_IDENTITY[sdk=iphoneos*]" = "iPhone Developer";
				COPY_PHASE_STRIP = NO;
				ENABLE_STRICT_OBJC_MSGSEND = YES;
				GCC_C_LANGUAGE_STANDARD = gnu99;
				GCC_DYNAMIC_NO_PIC = NO;
				GCC_OPTIMIZATION_LEVEL = 0;
				GCC_PREPROCESSOR_DEFINITIONS = (
					"DEBUG=1",
					"$(inherited)",
				);
				GCC_SYMBOLS_PRIVATE_EXTERN = NO;
				GCC_WARN_64_TO_32_BIT_CONVERSION = YES;
				GCC_WARN_ABOUT_RETURN_TYPE = YES_ERROR;
				GCC_WARN_UNDECLARED_SELECTOR = YES;
				GCC_WARN_UNINITIALIZED_AUTOS = YES_AGGRESSIVE;
				GCC_WARN_UNUSED_FUNCTION = YES;
				GCC_WARN_UNUSED_VARIABLE = YES;
				IPHONEOS_DEPLOYMENT_TARGET = 8.1;
				MTL_ENABLE_DEBUG_INFO = YES;
				ONLY_ACTIVE_ARCH = YES;
				SDKROOT = iphoneos;
			};
			name = Debug;
		};
		00C409361B73EF9E002C8BE0 /* Release */ = {
			isa = XCBuildConfiguration;
			buildSettings = {
				ALWAYS_SEARCH_USER_PATHS = NO;
				CLANG_CXX_LANGUAGE_STANDARD = "gnu++0x";
				CLANG_CXX_LIBRARY = "libc++";
				CLANG_ENABLE_MODULES = YES;
				CLANG_ENABLE_OBJC_ARC = YES;
				CLANG_WARN_BOOL_CONVERSION = YES;
				CLANG_WARN_CONSTANT_CONVERSION = YES;
				CLANG_WARN_DIRECT_OBJC_ISA_USAGE = YES_ERROR;
				CLANG_WARN_EMPTY_BODY = YES;
				CLANG_WARN_ENUM_CONVERSION = YES;
				CLANG_WARN_INT_CONVERSION = YES;
				CLANG_WARN_OBJC_ROOT_CLASS = YES_ERROR;
				CLANG_WARN_UNREACHABLE_CODE = YES;
				CLANG_WARN__DUPLICATE_METHOD_MATCH = YES;
				"CODE_SIGN_IDENTITY[sdk=iphoneos*]" = "iPhone Developer";
				COPY_PHASE_STRIP = YES;
				ENABLE_NS_ASSERTIONS = NO;
				ENABLE_STRICT_OBJC_MSGSEND = YES;
				GCC_C_LANGUAGE_STANDARD = gnu99;
				GCC_WARN_64_TO_32_BIT_CONVERSION = YES;
				GCC_WARN_ABOUT_RETURN_TYPE = YES_ERROR;
				GCC_WARN_UNDECLARED_SELECTOR = YES;
				GCC_WARN_UNINITIALIZED_AUTOS = YES_AGGRESSIVE;
				GCC_WARN_UNUSED_FUNCTION = YES;
				GCC_WARN_UNUSED_VARIABLE = YES;
				IPHONEOS_DEPLOYMENT_TARGET = 8.1;
				MTL_ENABLE_DEBUG_INFO = NO;
				SDKROOT = iphoneos;
				VALIDATE_PRODUCT = YES;
			};
			name = Release;
		};
		00C409381B73EF9E002C8BE0 /* Debug */ = {
			isa = XCBuildConfiguration;
			buildSettings = {
				ASSETCATALOG_COMPILER_APPICON_NAME = AppIcon;
				INFOPLIST_FILE = SDLift/Info.plist;
				LD_RUNPATH_SEARCH_PATHS = "$(inherited) @executable_path/Frameworks";
				PRODUCT_NAME = "$(TARGET_NAME)";
			};
			name = Debug;
		};
		00C409391B73EF9E002C8BE0 /* Release */ = {
			isa = XCBuildConfiguration;
			buildSettings = {
				ASSETCATALOG_COMPILER_APPICON_NAME = AppIcon;
				INFOPLIST_FILE = SDLift/Info.plist;
				LD_RUNPATH_SEARCH_PATHS = "$(inherited) @executable_path/Frameworks";
				PRODUCT_NAME = "$(TARGET_NAME)";
			};
			name = Release;
		};
		00C4093B1B73EF9E002C8BE0 /* Debug */ = {
			isa = XCBuildConfiguration;
			buildSettings = {
				BUNDLE_LOADER = "$(TEST_HOST)";
				FRAMEWORK_SEARCH_PATHS = (
					"$(SDKROOT)/Developer/Library/Frameworks",
					"$(inherited)",
				);
				GCC_PREPROCESSOR_DEFINITIONS = (
					"DEBUG=1",
					"$(inherited)",
				);
				INFOPLIST_FILE = SDLiftTests/Info.plist;
				LD_RUNPATH_SEARCH_PATHS = "$(inherited) @executable_path/Frameworks @loader_path/Frameworks";
				PRODUCT_NAME = "$(TARGET_NAME)";
				TEST_HOST = "$(BUILT_PRODUCTS_DIR)/SDLift.app/SDLift";
			};
			name = Debug;
		};
		00C4093C1B73EF9E002C8BE0 /* Release */ = {
			isa = XCBuildConfiguration;
			buildSettings = {
				BUNDLE_LOADER = "$(TEST_HOST)";
				FRAMEWORK_SEARCH_PATHS = (
					"$(SDKROOT)/Developer/Library/Frameworks",
					"$(inherited)",
				);
				INFOPLIST_FILE = SDLiftTests/Info.plist;
				LD_RUNPATH_SEARCH_PATHS = "$(inherited) @executable_path/Frameworks @loader_path/Frameworks";
				PRODUCT_NAME = "$(TARGET_NAME)";
				TEST_HOST = "$(BUILT_PRODUCTS_DIR)/SDLift.app/SDLift";
			};
			name = Release;
		};
/* End XCBuildConfiguration section */

/* Begin XCConfigurationList section */
		00C4090F1B73EF9D002C8BE0 /* Build configuration list for PBXProject "SDLift" */ = {
			isa = XCConfigurationList;
			buildConfigurations = (
				00C409351B73EF9E002C8BE0 /* Debug */,
				00C409361B73EF9E002C8BE0 /* Release */,
			);
			defaultConfigurationIsVisible = 0;
			defaultConfigurationName = Release;
		};
		00C409371B73EF9E002C8BE0 /* Build configuration list for PBXNativeTarget "SDLift" */ = {
			isa = XCConfigurationList;
			buildConfigurations = (
				00C409381B73EF9E002C8BE0 /* Debug */,
				00C409391B73EF9E002C8BE0 /* Release */,
			);
			defaultConfigurationIsVisible = 0;
		};
		00C4093A1B73EF9E002C8BE0 /* Build configuration list for PBXNativeTarget "SDLiftTests" */ = {
			isa = XCConfigurationList;
			buildConfigurations = (
				00C4093B1B73EF9E002C8BE0 /* Debug */,
				00C4093C1B73EF9E002C8BE0 /* Release */,
			);
			defaultConfigurationIsVisible = 0;
		};
/* End XCConfigurationList section */
	};
	rootObject = 00C4090C1B73EF9D002C8BE0 /* Project object */;
}
