// !$*UTF8*$!
{
	archiveVersion = 1;
	classes = {
	};
	objectVersion = 46;
	objects = {

/* Begin PBXBuildFile section */
		0035B7B31B66B87800F0492E /* main.m in Sources */ = {isa = PBXBuildFile; fileRef = 0035B7B21B66B87800F0492E /* main.m */; };
		0035B7B61B66B87800F0492E /* AppDelegate.m in Sources */ = {isa = PBXBuildFile; fileRef = 0035B7B51B66B87800F0492E /* AppDelegate.m */; };
		0035B7B91B66B87800F0492E /* ViewController.m in Sources */ = {isa = PBXBuildFile; fileRef = 0035B7B81B66B87800F0492E /* ViewController.m */; };
		0035B7BC1B66B87800F0492E /* Main.storyboard in Resources */ = {isa = PBXBuildFile; fileRef = 0035B7BA1B66B87800F0492E /* Main.storyboard */; };
		0035B7BE1B66B87800F0492E /* Images.xcassets in Resources */ = {isa = PBXBuildFile; fileRef = 0035B7BD1B66B87800F0492E /* Images.xcassets */; };
		0035B7C11B66B87800F0492E /* LaunchScreen.xib in Resources */ = {isa = PBXBuildFile; fileRef = 0035B7BF1B66B87800F0492E /* LaunchScreen.xib */; };
		0035B7CD1B66B87800F0492E /* StartTests.m in Sources */ = {isa = PBXBuildFile; fileRef = 0035B7CC1B66B87800F0492E /* StartTests.m */; };
		008A4D261B68124E00A9DD8D /* ExampleOne.m in Sources */ = {isa = PBXBuildFile; fileRef = 008A4D251B68124E00A9DD8D /* ExampleOne.m */; };
		00B76E4C1B6AABC6001EB9D7 /* NewClass.m in Sources */ = {isa = PBXBuildFile; fileRef = 00B76E4B1B6AABC6001EB9D7 /* NewClass.m */; };
		00CA04481B6C932000B52815 /* DemoViewController.m in Sources */ = {isa = PBXBuildFile; fileRef = 00CA04471B6C932000B52815 /* DemoViewController.m */; };
/* End PBXBuildFile section */

/* Begin PBXContainerItemProxy section */
		0035B7C71B66B87800F0492E /* PBXContainerItemProxy */ = {
			isa = PBXContainerItemProxy;
			containerPortal = 0035B7A51B66B87700F0492E /* Project object */;
			proxyType = 1;
			remoteGlobalIDString = 0035B7AC1B66B87700F0492E;
			remoteInfo = Start;
		};
/* End PBXContainerItemProxy section */

/* Begin PBXFileReference section */
		0035B7AD1B66B87800F0492E /* Start.app */ = {isa = PBXFileReference; explicitFileType = wrapper.application; includeInIndex = 0; path = Start.app; sourceTree = BUILT_PRODUCTS_DIR; };
		0035B7B11B66B87800F0492E /* Info.plist */ = {isa = PBXFileReference; lastKnownFileType = text.plist.xml; path = Info.plist; sourceTree = "<group>"; };
		0035B7B21B66B87800F0492E /* main.m */ = {isa = PBXFileReference; lastKnownFileType = sourcecode.c.objc; path = main.m; sourceTree = "<group>"; };
		0035B7B41B66B87800F0492E /* AppDelegate.h */ = {isa = PBXFileReference; lastKnownFileType = sourcecode.c.h; path = AppDelegate.h; sourceTree = "<group>"; };
		0035B7B51B66B87800F0492E /* AppDelegate.m */ = {isa = PBXFileReference; lastKnownFileType = sourcecode.c.objc; path = AppDelegate.m; sourceTree = "<group>"; };
		0035B7B71B66B87800F0492E /* ViewController.h */ = {isa = PBXFileReference; lastKnownFileType = sourcecode.c.h; path = ViewController.h; sourceTree = "<group>"; };
		0035B7B81B66B87800F0492E /* ViewController.m */ = {isa = PBXFileReference; lastKnownFileType = sourcecode.c.objc; path = ViewController.m; sourceTree = "<group>"; };
		0035B7BB1B66B87800F0492E /* Base */ = {isa = PBXFileReference; lastKnownFileType = file.storyboard; name = Base; path = Base.lproj/Main.storyboard; sourceTree = "<group>"; };
		0035B7BD1B66B87800F0492E /* Images.xcassets */ = {isa = PBXFileReference; lastKnownFileType = folder.assetcatalog; path = Images.xcassets; sourceTree = "<group>"; };
		0035B7C01B66B87800F0492E /* Base */ = {isa = PBXFileReference; lastKnownFileType = file.xib; name = Base; path = Base.lproj/LaunchScreen.xib; sourceTree = "<group>"; };
		0035B7C61B66B87800F0492E /* StartTests.xctest */ = {isa = PBXFileReference; explicitFileType = wrapper.cfbundle; includeInIndex = 0; path = StartTests.xctest; sourceTree = BUILT_PRODUCTS_DIR; };
		0035B7CB1B66B87800F0492E /* Info.plist */ = {isa = PBXFileReference; lastKnownFileType = text.plist.xml; path = Info.plist; sourceTree = "<group>"; };
		0035B7CC1B66B87800F0492E /* StartTests.m */ = {isa = PBXFileReference; lastKnownFileType = sourcecode.c.objc; path = StartTests.m; sourceTree = "<group>"; };
		008A4D241B68124E00A9DD8D /* ExampleOne.h */ = {isa = PBXFileReference; fileEncoding = 4; lastKnownFileType = sourcecode.c.h; path = ExampleOne.h; sourceTree = "<group>"; };
		008A4D251B68124E00A9DD8D /* ExampleOne.m */ = {isa = PBXFileReference; fileEncoding = 4; lastKnownFileType = sourcecode.c.objc; path = ExampleOne.m; sourceTree = "<group>"; };
		00B76E4A1B6AABC6001EB9D7 /* NewClass.h */ = {isa = PBXFileReference; fileEncoding = 4; lastKnownFileType = sourcecode.c.h; path = NewClass.h; sourceTree = "<group>"; };
		00B76E4B1B6AABC6001EB9D7 /* NewClass.m */ = {isa = PBXFileReference; fileEncoding = 4; lastKnownFileType = sourcecode.c.objc; path = NewClass.m; sourceTree = "<group>"; };
		00CA04461B6C932000B52815 /* DemoViewController.h */ = {isa = PBXFileReference; fileEncoding = 4; lastKnownFileType = sourcecode.c.h; path = DemoViewController.h; sourceTree = "<group>"; };
		00CA04471B6C932000B52815 /* DemoViewController.m */ = {isa = PBXFileReference; fileEncoding = 4; lastKnownFileType = sourcecode.c.objc; path = DemoViewController.m; sourceTree = "<group>"; };
/* End PBXFileReference section */

/* Begin PBXFrameworksBuildPhase section */
		0035B7AA1B66B87700F0492E /* Frameworks */ = {
			isa = PBXFrameworksBuildPhase;
			buildActionMask = 2147483647;
			files = (
			);
			runOnlyForDeploymentPostprocessing = 0;
		};
		0035B7C31B66B87800F0492E /* Frameworks */ = {
			isa = PBXFrameworksBuildPhase;
			buildActionMask = 2147483647;
			files = (
			);
			runOnlyForDeploymentPostprocessing = 0;
		};
/* End PBXFrameworksBuildPhase section */

/* Begin PBXGroup section */
		0035B7A41B66B87700F0492E = {
			isa = PBXGroup;
			children = (
				00D388851B6C1035005DB895 /* New Group */,
				0035B7AF1B66B87800F0492E /* Start */,
				0035B7C91B66B87800F0492E /* StartTests */,
				0035B7AE1B66B87800F0492E /* Products */,
			);
			sourceTree = "<group>";
		};
		0035B7AE1B66B87800F0492E /* Products */ = {
			isa = PBXGroup;
			children = (
				0035B7AD1B66B87800F0492E /* Start.app */,
				0035B7C61B66B87800F0492E /* StartTests.xctest */,
			);
			name = Products;
			sourceTree = "<group>";
		};
		0035B7AF1B66B87800F0492E /* Start */ = {
			isa = PBXGroup;
			children = (
				00CA04461B6C932000B52815 /* DemoViewController.h */,
				00CA04471B6C932000B52815 /* DemoViewController.m */,
				00B76E4A1B6AABC6001EB9D7 /* NewClass.h */,
				00B76E4B1B6AABC6001EB9D7 /* NewClass.m */,
				008A4D251B68124E00A9DD8D /* ExampleOne.m */,
				008A4D241B68124E00A9DD8D /* ExampleOne.h */,
				0035B7B41B66B87800F0492E /* AppDelegate.h */,
				0035B7B51B66B87800F0492E /* AppDelegate.m */,
				0035B7B71B66B87800F0492E /* ViewController.h */,
				0035B7B81B66B87800F0492E /* ViewController.m */,
				0035B7BA1B66B87800F0492E /* Main.storyboard */,
				0035B7BD1B66B87800F0492E /* Images.xcassets */,
				0035B7BF1B66B87800F0492E /* LaunchScreen.xib */,
				0035B7B01B66B87800F0492E /* Supporting Files */,
			);
			path = Start;
			sourceTree = "<group>";
		};
		0035B7B01B66B87800F0492E /* Supporting Files */ = {
			isa = PBXGroup;
			children = (
				0035B7B11B66B87800F0492E /* Info.plist */,
				0035B7B21B66B87800F0492E /* main.m */,
			);
			name = "Supporting Files";
			sourceTree = "<group>";
		};
		0035B7C91B66B87800F0492E /* StartTests */ = {
			isa = PBXGroup;
			children = (
				0035B7CC1B66B87800F0492E /* StartTests.m */,
				0035B7CA1B66B87800F0492E /* Supporting Files */,
			);
			path = StartTests;
			sourceTree = "<group>";
		};
		0035B7CA1B66B87800F0492E /* Supporting Files */ = {
			isa = PBXGroup;
			children = (
				0035B7CB1B66B87800F0492E /* Info.plist */,
			);
			name = "Supporting Files";
			sourceTree = "<group>";
		};
		00D388851B6C1035005DB895 /* New Group */ = {
			isa = PBXGroup;
			children = (
			);
			name = "New Group";
			sourceTree = "<group>";
		};
/* End PBXGroup section */

/* Begin PBXNativeTarget section */
		0035B7AC1B66B87700F0492E /* Start */ = {
			isa = PBXNativeTarget;
			buildConfigurationList = 0035B7D01B66B87800F0492E /* Build configuration list for PBXNativeTarget "Start" */;
			buildPhases = (
				0035B7A91B66B87700F0492E /* Sources */,
				0035B7AA1B66B87700F0492E /* Frameworks */,
				0035B7AB1B66B87700F0492E /* Resources */,
			);
			buildRules = (
			);
			dependencies = (
			);
			name = Start;
			productName = Start;
			productReference = 0035B7AD1B66B87800F0492E /* Start.app */;
			productType = "com.apple.product-type.application";
		};
		0035B7C51B66B87800F0492E /* StartTests */ = {
			isa = PBXNativeTarget;
			buildConfigurationList = 0035B7D31B66B87800F0492E /* Build configuration list for PBXNativeTarget "StartTests" */;
			buildPhases = (
				0035B7C21B66B87800F0492E /* Sources */,
				0035B7C31B66B87800F0492E /* Frameworks */,
				0035B7C41B66B87800F0492E /* Resources */,
			);
			buildRules = (
			);
			dependencies = (
				0035B7C81B66B87800F0492E /* PBXTargetDependency */,
			);
			name = StartTests;
			productName = StartTests;
			productReference = 0035B7C61B66B87800F0492E /* StartTests.xctest */;
			productType = "com.apple.product-type.bundle.unit-test";
		};
/* End PBXNativeTarget section */

/* Begin PBXProject section */
		0035B7A51B66B87700F0492E /* Project object */ = {
			isa = PBXProject;
			attributes = {
				LastUpgradeCheck = 0610;
				ORGANIZATIONNAME = Robin;
				TargetAttributes = {
					0035B7AC1B66B87700F0492E = {
						CreatedOnToolsVersion = 6.1.1;
					};
					0035B7C51B66B87800F0492E = {
						CreatedOnToolsVersion = 6.1.1;
						TestTargetID = 0035B7AC1B66B87700F0492E;
					};
				};
			};
			buildConfigurationList = 0035B7A81B66B87700F0492E /* Build configuration list for PBXProject "Start" */;
			compatibilityVersion = "Xcode 3.2";
			developmentRegion = English;
			hasScannedForEncodings = 0;
			knownRegions = (
				en,
				Base,
			);
			mainGroup = 0035B7A41B66B87700F0492E;
			productRefGroup = 0035B7AE1B66B87800F0492E /* Products */;
			projectDirPath = "";
			projectRoot = "";
			targets = (
				0035B7AC1B66B87700F0492E /* Start */,
				0035B7C51B66B87800F0492E /* StartTests */,
			);
		};
/* End PBXProject section */

/* Begin PBXResourcesBuildPhase section */
		0035B7AB1B66B87700F0492E /* Resources */ = {
			isa = PBXResourcesBuildPhase;
			buildActionMask = 2147483647;
			files = (
				0035B7BC1B66B87800F0492E /* Main.storyboard in Resources */,
				0035B7C11B66B87800F0492E /* LaunchScreen.xib in Resources */,
				0035B7BE1B66B87800F0492E /* Images.xcassets in Resources */,
			);
			runOnlyForDeploymentPostprocessing = 0;
		};
		0035B7C41B66B87800F0492E /* Resources */ = {
			isa = PBXResourcesBuildPhase;
			buildActionMask = 2147483647;
			files = (
			);
			runOnlyForDeploymentPostprocessing = 0;
		};
/* End PBXResourcesBuildPhase section */

/* Begin PBXSourcesBuildPhase section */
		0035B7A91B66B87700F0492E /* Sources */ = {
			isa = PBXSourcesBuildPhase;
			buildActionMask = 2147483647;
			files = (
				0035B7B91B66B87800F0492E /* ViewController.m in Sources */,
				008A4D261B68124E00A9DD8D /* ExampleOne.m in Sources */,
				0035B7B61B66B87800F0492E /* AppDelegate.m in Sources */,
				00CA04481B6C932000B52815 /* DemoViewController.m in Sources */,
				00B76E4C1B6AABC6001EB9D7 /* NewClass.m in Sources */,
				0035B7B31B66B87800F0492E /* main.m in Sources */,
			);
			runOnlyForDeploymentPostprocessing = 0;
		};
		0035B7C21B66B87800F0492E /* Sources */ = {
			isa = PBXSourcesBuildPhase;
			buildActionMask = 2147483647;
			files = (
				0035B7CD1B66B87800F0492E /* StartTests.m in Sources */,
			);
			runOnlyForDeploymentPostprocessing = 0;
		};
/* End PBXSourcesBuildPhase section */

/* Begin PBXTargetDependency section */
		0035B7C81B66B87800F0492E /* PBXTargetDependency */ = {
			isa = PBXTargetDependency;
			target = 0035B7AC1B66B87700F0492E /* Start */;
			targetProxy = 0035B7C71B66B87800F0492E /* PBXContainerItemProxy */;
		};
/* End PBXTargetDependency section */

/* Begin PBXVariantGroup section */
		0035B7BA1B66B87800F0492E /* Main.storyboard */ = {
			isa = PBXVariantGroup;
			children = (
				0035B7BB1B66B87800F0492E /* Base */,
			);
			name = Main.storyboard;
			sourceTree = "<group>";
		};
		0035B7BF1B66B87800F0492E /* LaunchScreen.xib */ = {
			isa = PBXVariantGroup;
			children = (
				0035B7C01B66B87800F0492E /* Base */,
			);
			name = LaunchScreen.xib;
			sourceTree = "<group>";
		};
/* End PBXVariantGroup section */

/* Begin XCBuildConfiguration section */
		0035B7CE1B66B87800F0492E /* Debug */ = {
			isa = XCBuildConfiguration;
			buildSettings = {
				ALWAYS_SEARCH_USER_PATHS = NO;
				CLANG_CXX_LANGUAGE_STANDARD = "gnu++0x";
				CLANG_CXX_LIBRARY = "libc++";
				CLANG_ENABLE_MODULES = YES;
				CLANG_ENABLE_OBJC_ARC = YES;
				CLANG_WARN_BOOL_CONVERSION = YES;
				CLANG_WARN_CONSTANT_CONVERSION = YES;
				CLANG_WARN_DIRECT_OBJC_ISA_USAGE = YES_ERROR;
				CLANG_WARN_EMPTY_BODY = YES;
				CLANG_WARN_ENUM_CONVERSION = YES;
				CLANG_WARN_INT_CONVERSION = YES;
				CLANG_WARN_OBJC_ROOT_CLASS = YES_ERROR;
				CLANG_WARN_UNREACHABLE_CODE = YES;
				CLANG_WARN__DUPLICATE_METHOD_MATCH = YES;
				"CODE_SIGN_IDENTITY[sdk=iphoneos*]" = "iPhone Developer";
				COPY_PHASE_STRIP = NO;
				ENABLE_STRICT_OBJC_MSGSEND = YES;
				GCC_C_LANGUAGE_STANDARD = gnu99;
				GCC_DYNAMIC_NO_PIC = NO;
				GCC_OPTIMIZATION_LEVEL = 0;
				GCC_PREPROCESSOR_DEFINITIONS = (
					"DEBUG=1",
					"$(inherited)",
				);
				GCC_SYMBOLS_PRIVATE_EXTERN = NO;
				GCC_WARN_64_TO_32_BIT_CONVERSION = YES;
				GCC_WARN_ABOUT_RETURN_TYPE = YES_ERROR;
				GCC_WARN_UNDECLARED_SELECTOR = YES;
				GCC_WARN_UNINITIALIZED_AUTOS = YES_AGGRESSIVE;
				GCC_WARN_UNUSED_FUNCTION = YES;
				GCC_WARN_UNUSED_VARIABLE = YES;
				IPHONEOS_DEPLOYMENT_TARGET = 8.1;
				MTL_ENABLE_DEBUG_INFO = YES;
				ONLY_ACTIVE_ARCH = YES;
				SDKROOT = iphoneos;
			};
			name = Debug;
		};
		0035B7CF1B66B87800F0492E /* Release */ = {
			isa = XCBuildConfiguration;
			buildSettings = {
				ALWAYS_SEARCH_USER_PATHS = NO;
				CLANG_CXX_LANGUAGE_STANDARD = "gnu++0x";
				CLANG_CXX_LIBRARY = "libc++";
				CLANG_ENABLE_MODULES = YES;
				CLANG_ENABLE_OBJC_ARC = YES;
				CLANG_WARN_BOOL_CONVERSION = YES;
				CLANG_WARN_CONSTANT_CONVERSION = YES;
				CLANG_WARN_DIRECT_OBJC_ISA_USAGE = YES_ERROR;
				CLANG_WARN_EMPTY_BODY = YES;
				CLANG_WARN_ENUM_CONVERSION = YES;
				CLANG_WARN_INT_CONVERSION = YES;
				CLANG_WARN_OBJC_ROOT_CLASS = YES_ERROR;
				CLANG_WARN_UNREACHABLE_CODE = YES;
				CLANG_WARN__DUPLICATE_METHOD_MATCH = YES;
				"CODE_SIGN_IDENTITY[sdk=iphoneos*]" = "iPhone Developer";
				COPY_PHASE_STRIP = YES;
				ENABLE_NS_ASSERTIONS = NO;
				ENABLE_STRICT_OBJC_MSGSEND = YES;
				GCC_C_LANGUAGE_STANDARD = gnu99;
				GCC_WARN_64_TO_32_BIT_CONVERSION = YES;
				GCC_WARN_ABOUT_RETURN_TYPE = YES_ERROR;
				GCC_WARN_UNDECLARED_SELECTOR = YES;
				GCC_WARN_UNINITIALIZED_AUTOS = YES_AGGRESSIVE;
				GCC_WARN_UNUSED_FUNCTION = YES;
				GCC_WARN_UNUSED_VARIABLE = YES;
				IPHONEOS_DEPLOYMENT_TARGET = 8.1;
				MTL_ENABLE_DEBUG_INFO = NO;
				SDKROOT = iphoneos;
				VALIDATE_PRODUCT = YES;
			};
			name = Release;
		};
		0035B7D11B66B87800F0492E /* Debug */ = {
			isa = XCBuildConfiguration;
			buildSettings = {
				ASSETCATALOG_COMPILER_APPICON_NAME = AppIcon;
				INFOPLIST_FILE = Start/Info.plist;
				LD_RUNPATH_SEARCH_PATHS = "$(inherited) @executable_path/Frameworks";
				PRODUCT_NAME = "$(TARGET_NAME)";
			};
			name = Debug;
		};
		0035B7D21B66B87800F0492E /* Release */ = {
			isa = XCBuildConfiguration;
			buildSettings = {
				ASSETCATALOG_COMPILER_APPICON_NAME = AppIcon;
				INFOPLIST_FILE = Start/Info.plist;
				LD_RUNPATH_SEARCH_PATHS = "$(inherited) @executable_path/Frameworks";
				PRODUCT_NAME = "$(TARGET_NAME)";
			};
			name = Release;
		};
		0035B7D41B66B87800F0492E /* Debug */ = {
			isa = XCBuildConfiguration;
			buildSettings = {
				BUNDLE_LOADER = "$(TEST_HOST)";
				FRAMEWORK_SEARCH_PATHS = (
					"$(SDKROOT)/Developer/Library/Frameworks",
					"$(inherited)",
				);
				GCC_PREPROCESSOR_DEFINITIONS = (
					"DEBUG=1",
					"$(inherited)",
				);
				INFOPLIST_FILE = StartTests/Info.plist;
				LD_RUNPATH_SEARCH_PATHS = "$(inherited) @executable_path/Frameworks @loader_path/Frameworks";
				PRODUCT_NAME = "$(TARGET_NAME)";
				TEST_HOST = "$(BUILT_PRODUCTS_DIR)/Start.app/Start";
			};
			name = Debug;
		};
		0035B7D51B66B87800F0492E /* Release */ = {
			isa = XCBuildConfiguration;
			buildSettings = {
				BUNDLE_LOADER = "$(TEST_HOST)";
				FRAMEWORK_SEARCH_PATHS = (
					"$(SDKROOT)/Developer/Library/Frameworks",
					"$(inherited)",
				);
				INFOPLIST_FILE = StartTests/Info.plist;
				LD_RUNPATH_SEARCH_PATHS = "$(inherited) @executable_path/Frameworks @loader_path/Frameworks";
				PRODUCT_NAME = "$(TARGET_NAME)";
				TEST_HOST = "$(BUILT_PRODUCTS_DIR)/Start.app/Start";
			};
			name = Release;
		};
/* End XCBuildConfiguration section */

/* Begin XCConfigurationList section */
		0035B7A81B66B87700F0492E /* Build configuration list for PBXProject "Start" */ = {
			isa = XCConfigurationList;
			buildConfigurations = (
				0035B7CE1B66B87800F0492E /* Debug */,
				0035B7CF1B66B87800F0492E /* Release */,
			);
			defaultConfigurationIsVisible = 0;
			defaultConfigurationName = Release;
		};
		0035B7D01B66B87800F0492E /* Build configuration list for PBXNativeTarget "Start" */ = {
			isa = XCConfigurationList;
			buildConfigurations = (
				0035B7D11B66B87800F0492E /* Debug */,
				0035B7D21B66B87800F0492E /* Release */,
			);
			defaultConfigurationIsVisible = 0;
			defaultConfigurationName = Release;
		};
		0035B7D31B66B87800F0492E /* Build configuration list for PBXNativeTarget "StartTests" */ = {
			isa = XCConfigurationList;
			buildConfigurations = (
				0035B7D41B66B87800F0492E /* Debug */,
				0035B7D51B66B87800F0492E /* Release */,
			);
			defaultConfigurationIsVisible = 0;
			defaultConfigurationName = Release;
		};
/* End XCConfigurationList section */
	};
	rootObject = 0035B7A51B66B87700F0492E /* Project object */;
}
