// !$*UTF8*$!
{
	archiveVersion = 1;
	classes = {
	};
	objectVersion = 46;
	objects = {

/* Begin PBXBuildFile section */
		00BD071A1B76970000CA4DB7 /* main.m in Sources */ = {isa = PBXBuildFile; fileRef = 00BD07191B76970000CA4DB7 /* main.m */; };
		00BD071D1B76970000CA4DB7 /* AppDelegate.m in Sources */ = {isa = PBXBuildFile; fileRef = 00BD071C1B76970000CA4DB7 /* AppDelegate.m */; };
		00BD07201B76970000CA4DB7 /* ViewController.m in Sources */ = {isa = PBXBuildFile; fileRef = 00BD071F1B76970000CA4DB7 /* ViewController.m */; };
		00BD07231B76970000CA4DB7 /* Main.storyboard in Resources */ = {isa = PBXBuildFile; fileRef = 00BD07211B76970000CA4DB7 /* Main.storyboard */; };
		00BD07251B76970000CA4DB7 /* Images.xcassets in Resources */ = {isa = PBXBuildFile; fileRef = 00BD07241B76970000CA4DB7 /* Images.xcassets */; };
		00BD07281B76970000CA4DB7 /* LaunchScreen.xib in Resources */ = {isa = PBXBuildFile; fileRef = 00BD07261B76970000CA4DB7 /* LaunchScreen.xib */; };
		00BD07341B76970000CA4DB7 /* ViewControllerExampleTests.m in Sources */ = {isa = PBXBuildFile; fileRef = 00BD07331B76970000CA4DB7 /* ViewControllerExampleTests.m */; };
		00BD073F1B76976200CA4DB7 /* SecondViewController.m in Sources */ = {isa = PBXBuildFile; fileRef = 00BD073E1B76976200CA4DB7 /* SecondViewController.m */; };
/* End PBXBuildFile section */

/* Begin PBXContainerItemProxy section */
		00BD072E1B76970000CA4DB7 /* PBXContainerItemProxy */ = {
			isa = PBXContainerItemProxy;
			containerPortal = 00BD070C1B76970000CA4DB7 /* Project object */;
			proxyType = 1;
			remoteGlobalIDString = 00BD07131B76970000CA4DB7;
			remoteInfo = ViewControllerExample;
		};
/* End PBXContainerItemProxy section */

/* Begin PBXFileReference section */
		00BD07141B76970000CA4DB7 /* ViewControllerExample.app */ = {isa = PBXFileReference; explicitFileType = wrapper.application; includeInIndex = 0; path = ViewControllerExample.app; sourceTree = BUILT_PRODUCTS_DIR; };
		00BD07181B76970000CA4DB7 /* Info.plist */ = {isa = PBXFileReference; lastKnownFileType = text.plist.xml; path = Info.plist; sourceTree = "<group>"; };
		00BD07191B76970000CA4DB7 /* main.m */ = {isa = PBXFileReference; lastKnownFileType = sourcecode.c.objc; path = main.m; sourceTree = "<group>"; };
		00BD071B1B76970000CA4DB7 /* AppDelegate.h */ = {isa = PBXFileReference; lastKnownFileType = sourcecode.c.h; path = AppDelegate.h; sourceTree = "<group>"; };
		00BD071C1B76970000CA4DB7 /* AppDelegate.m */ = {isa = PBXFileReference; lastKnownFileType = sourcecode.c.objc; path = AppDelegate.m; sourceTree = "<group>"; };
		00BD071E1B76970000CA4DB7 /* ViewController.h */ = {isa = PBXFileReference; lastKnownFileType = sourcecode.c.h; path = ViewController.h; sourceTree = "<group>"; };
		00BD071F1B76970000CA4DB7 /* ViewController.m */ = {isa = PBXFileReference; lastKnownFileType = sourcecode.c.objc; path = ViewController.m; sourceTree = "<group>"; };
		00BD07221B76970000CA4DB7 /* Base */ = {isa = PBXFileReference; lastKnownFileType = file.storyboard; name = Base; path = Base.lproj/Main.storyboard; sourceTree = "<group>"; };
		00BD07241B76970000CA4DB7 /* Images.xcassets */ = {isa = PBXFileReference; lastKnownFileType = folder.assetcatalog; path = Images.xcassets; sourceTree = "<group>"; };
		00BD07271B76970000CA4DB7 /* Base */ = {isa = PBXFileReference; lastKnownFileType = file.xib; name = Base; path = Base.lproj/LaunchScreen.xib; sourceTree = "<group>"; };
		00BD072D1B76970000CA4DB7 /* ViewControllerExampleTests.xctest */ = {isa = PBXFileReference; explicitFileType = wrapper.cfbundle; includeInIndex = 0; path = ViewControllerExampleTests.xctest; sourceTree = BUILT_PRODUCTS_DIR; };
		00BD07321B76970000CA4DB7 /* Info.plist */ = {isa = PBXFileReference; lastKnownFileType = text.plist.xml; path = Info.plist; sourceTree = "<group>"; };
		00BD07331B76970000CA4DB7 /* ViewControllerExampleTests.m */ = {isa = PBXFileReference; lastKnownFileType = sourcecode.c.objc; path = ViewControllerExampleTests.m; sourceTree = "<group>"; };
		00BD073D1B76976200CA4DB7 /* SecondViewController.h */ = {isa = PBXFileReference; fileEncoding = 4; lastKnownFileType = sourcecode.c.h; path = SecondViewController.h; sourceTree = "<group>"; };
		00BD073E1B76976200CA4DB7 /* SecondViewController.m */ = {isa = PBXFileReference; fileEncoding = 4; lastKnownFileType = sourcecode.c.objc; path = SecondViewController.m; sourceTree = "<group>"; };
/* End PBXFileReference section */

/* Begin PBXFrameworksBuildPhase section */
		00BD07111B76970000CA4DB7 /* Frameworks */ = {
			isa = PBXFrameworksBuildPhase;
			buildActionMask = 2147483647;
			files = (
			);
			runOnlyForDeploymentPostprocessing = 0;
		};
		00BD072A1B76970000CA4DB7 /* Frameworks */ = {
			isa = PBXFrameworksBuildPhase;
			buildActionMask = 2147483647;
			files = (
			);
			runOnlyForDeploymentPostprocessing = 0;
		};
/* End PBXFrameworksBuildPhase section */

/* Begin PBXGroup section */
		00BD070B1B76970000CA4DB7 = {
			isa = PBXGroup;
			children = (
				00BD07161B76970000CA4DB7 /* ViewControllerExample */,
				00BD07301B76970000CA4DB7 /* ViewControllerExampleTests */,
				00BD07151B76970000CA4DB7 /* Products */,
			);
			sourceTree = "<group>";
		};
		00BD07151B76970000CA4DB7 /* Products */ = {
			isa = PBXGroup;
			children = (
				00BD07141B76970000CA4DB7 /* ViewControllerExample.app */,
				00BD072D1B76970000CA4DB7 /* ViewControllerExampleTests.xctest */,
			);
			name = Products;
			sourceTree = "<group>";
		};
		00BD07161B76970000CA4DB7 /* ViewControllerExample */ = {
			isa = PBXGroup;
			children = (
				00BD071B1B76970000CA4DB7 /* AppDelegate.h */,
				00BD071C1B76970000CA4DB7 /* AppDelegate.m */,
				00BD071E1B76970000CA4DB7 /* ViewController.h */,
				00BD071F1B76970000CA4DB7 /* ViewController.m */,
				00BD07211B76970000CA4DB7 /* Main.storyboard */,
				00BD07241B76970000CA4DB7 /* Images.xcassets */,
				00BD07261B76970000CA4DB7 /* LaunchScreen.xib */,
				00BD07171B76970000CA4DB7 /* Supporting Files */,
				00BD073D1B76976200CA4DB7 /* SecondViewController.h */,
				00BD073E1B76976200CA4DB7 /* SecondViewController.m */,
			);
			path = ViewControllerExample;
			sourceTree = "<group>";
		};
		00BD07171B76970000CA4DB7 /* Supporting Files */ = {
			isa = PBXGroup;
			children = (
				00BD07181B76970000CA4DB7 /* Info.plist */,
				00BD07191B76970000CA4DB7 /* main.m */,
			);
			name = "Supporting Files";
			sourceTree = "<group>";
		};
		00BD07301B76970000CA4DB7 /* ViewControllerExampleTests */ = {
			isa = PBXGroup;
			children = (
				00BD07331B76970000CA4DB7 /* ViewControllerExampleTests.m */,
				00BD07311B76970000CA4DB7 /* Supporting Files */,
			);
			path = ViewControllerExampleTests;
			sourceTree = "<group>";
		};
		00BD07311B76970000CA4DB7 /* Supporting Files */ = {
			isa = PBXGroup;
			children = (
				00BD07321B76970000CA4DB7 /* Info.plist */,
			);
			name = "Supporting Files";
			sourceTree = "<group>";
		};
/* End PBXGroup section */

/* Begin PBXNativeTarget section */
		00BD07131B76970000CA4DB7 /* ViewControllerExample */ = {
			isa = PBXNativeTarget;
			buildConfigurationList = 00BD07371B76970000CA4DB7 /* Build configuration list for PBXNativeTarget "ViewControllerExample" */;
			buildPhases = (
				00BD07101B76970000CA4DB7 /* Sources */,
				00BD07111B76970000CA4DB7 /* Frameworks */,
				00BD07121B76970000CA4DB7 /* Resources */,
			);
			buildRules = (
			);
			dependencies = (
			);
			name = ViewControllerExample;
			productName = ViewControllerExample;
			productReference = 00BD07141B76970000CA4DB7 /* ViewControllerExample.app */;
			productType = "com.apple.product-type.application";
		};
		00BD072C1B76970000CA4DB7 /* ViewControllerExampleTests */ = {
			isa = PBXNativeTarget;
			buildConfigurationList = 00BD073A1B76970000CA4DB7 /* Build configuration list for PBXNativeTarget "ViewControllerExampleTests" */;
			buildPhases = (
				00BD07291B76970000CA4DB7 /* Sources */,
				00BD072A1B76970000CA4DB7 /* Frameworks */,
				00BD072B1B76970000CA4DB7 /* Resources */,
			);
			buildRules = (
			);
			dependencies = (
				00BD072F1B76970000CA4DB7 /* PBXTargetDependency */,
			);
			name = ViewControllerExampleTests;
			productName = ViewControllerExampleTests;
			productReference = 00BD072D1B76970000CA4DB7 /* ViewControllerExampleTests.xctest */;
			productType = "com.apple.product-type.bundle.unit-test";
		};
/* End PBXNativeTarget section */

/* Begin PBXProject section */
		00BD070C1B76970000CA4DB7 /* Project object */ = {
			isa = PBXProject;
			attributes = {
				LastUpgradeCheck = 0610;
				ORGANIZATIONNAME = Robin;
				TargetAttributes = {
					00BD07131B76970000CA4DB7 = {
						CreatedOnToolsVersion = 6.1.1;
					};
					00BD072C1B76970000CA4DB7 = {
						CreatedOnToolsVersion = 6.1.1;
						TestTargetID = 00BD07131B76970000CA4DB7;
					};
				};
			};
			buildConfigurationList = 00BD070F1B76970000CA4DB7 /* Build configuration list for PBXProject "ViewControllerExample" */;
			compatibilityVersion = "Xcode 3.2";
			developmentRegion = English;
			hasScannedForEncodings = 0;
			knownRegions = (
				en,
				Base,
			);
			mainGroup = 00BD070B1B76970000CA4DB7;
			productRefGroup = 00BD07151B76970000CA4DB7 /* Products */;
			projectDirPath = "";
			projectRoot = "";
			targets = (
				00BD07131B76970000CA4DB7 /* ViewControllerExample */,
				00BD072C1B76970000CA4DB7 /* ViewControllerExampleTests */,
			);
		};
/* End PBXProject section */

/* Begin PBXResourcesBuildPhase section */
		00BD07121B76970000CA4DB7 /* Resources */ = {
			isa = PBXResourcesBuildPhase;
			buildActionMask = 2147483647;
			files = (
				00BD07231B76970000CA4DB7 /* Main.storyboard in Resources */,
				00BD07281B76970000CA4DB7 /* LaunchScreen.xib in Resources */,
				00BD07251B76970000CA4DB7 /* Images.xcassets in Resources */,
			);
			runOnlyForDeploymentPostprocessing = 0;
		};
		00BD072B1B76970000CA4DB7 /* Resources */ = {
			isa = PBXResourcesBuildPhase;
			buildActionMask = 2147483647;
			files = (
			);
			runOnlyForDeploymentPostprocessing = 0;
		};
/* End PBXResourcesBuildPhase section */

/* Begin PBXSourcesBuildPhase section */
		00BD07101B76970000CA4DB7 /* Sources */ = {
			isa = PBXSourcesBuildPhase;
			buildActionMask = 2147483647;
			files = (
				00BD073F1B76976200CA4DB7 /* SecondViewController.m in Sources */,
				00BD07201B76970000CA4DB7 /* ViewController.m in Sources */,
				00BD071D1B76970000CA4DB7 /* AppDelegate.m in Sources */,
				00BD071A1B76970000CA4DB7 /* main.m in Sources */,
			);
			runOnlyForDeploymentPostprocessing = 0;
		};
		00BD07291B76970000CA4DB7 /* Sources */ = {
			isa = PBXSourcesBuildPhase;
			buildActionMask = 2147483647;
			files = (
				00BD07341B76970000CA4DB7 /* ViewControllerExampleTests.m in Sources */,
			);
			runOnlyForDeploymentPostprocessing = 0;
		};
/* End PBXSourcesBuildPhase section */

/* Begin PBXTargetDependency section */
		00BD072F1B76970000CA4DB7 /* PBXTargetDependency */ = {
			isa = PBXTargetDependency;
			target = 00BD07131B76970000CA4DB7 /* ViewControllerExample */;
			targetProxy = 00BD072E1B76970000CA4DB7 /* PBXContainerItemProxy */;
		};
/* End PBXTargetDependency section */

/* Begin PBXVariantGroup section */
		00BD07211B76970000CA4DB7 /* Main.storyboard */ = {
			isa = PBXVariantGroup;
			children = (
				00BD07221B76970000CA4DB7 /* Base */,
			);
			name = Main.storyboard;
			sourceTree = "<group>";
		};
		00BD07261B76970000CA4DB7 /* LaunchScreen.xib */ = {
			isa = PBXVariantGroup;
			children = (
				00BD07271B76970000CA4DB7 /* Base */,
			);
			name = LaunchScreen.xib;
			sourceTree = "<group>";
		};
/* End PBXVariantGroup section */

/* Begin XCBuildConfiguration section */
		00BD07351B76970000CA4DB7 /* Debug */ = {
			isa = XCBuildConfiguration;
			buildSettings = {
				ALWAYS_SEARCH_USER_PATHS = NO;
				CLANG_CXX_LANGUAGE_STANDARD = "gnu++0x";
				CLANG_CXX_LIBRARY = "libc++";
				CLANG_ENABLE_MODULES = YES;
				CLANG_ENABLE_OBJC_ARC = YES;
				CLANG_WARN_BOOL_CONVERSION = YES;
				CLANG_WARN_CONSTANT_CONVERSION = YES;
				CLANG_WARN_DIRECT_OBJC_ISA_USAGE = YES_ERROR;
				CLANG_WARN_EMPTY_BODY = YES;
				CLANG_WARN_ENUM_CONVERSION = YES;
				CLANG_WARN_INT_CONVERSION = YES;
				CLANG_WARN_OBJC_ROOT_CLASS = YES_ERROR;
				CLANG_WARN_UNREACHABLE_CODE = YES;
				CLANG_WARN__DUPLICATE_METHOD_MATCH = YES;
				"CODE_SIGN_IDENTITY[sdk=iphoneos*]" = "iPhone Developer";
				COPY_PHASE_STRIP = NO;
				ENABLE_STRICT_OBJC_MSGSEND = YES;
				GCC_C_LANGUAGE_STANDARD = gnu99;
				GCC_DYNAMIC_NO_PIC = NO;
				GCC_OPTIMIZATION_LEVEL = 0;
				GCC_PREPROCESSOR_DEFINITIONS = (
					"DEBUG=1",
					"$(inherited)",
				);
				GCC_SYMBOLS_PRIVATE_EXTERN = NO;
				GCC_WARN_64_TO_32_BIT_CONVERSION = YES;
				GCC_WARN_ABOUT_RETURN_TYPE = YES_ERROR;
				GCC_WARN_UNDECLARED_SELECTOR = YES;
				GCC_WARN_UNINITIALIZED_AUTOS = YES_AGGRESSIVE;
				GCC_WARN_UNUSED_FUNCTION = YES;
				GCC_WARN_UNUSED_VARIABLE = YES;
				IPHONEOS_DEPLOYMENT_TARGET = 8.1;
				MTL_ENABLE_DEBUG_INFO = YES;
				ONLY_ACTIVE_ARCH = YES;
				SDKROOT = iphoneos;
			};
			name = Debug;
		};
		00BD07361B76970000CA4DB7 /* Release */ = {
			isa = XCBuildConfiguration;
			buildSettings = {
				ALWAYS_SEARCH_USER_PATHS = NO;
				CLANG_CXX_LANGUAGE_STANDARD = "gnu++0x";
				CLANG_CXX_LIBRARY = "libc++";
				CLANG_ENABLE_MODULES = YES;
				CLANG_ENABLE_OBJC_ARC = YES;
				CLANG_WARN_BOOL_CONVERSION = YES;
				CLANG_WARN_CONSTANT_CONVERSION = YES;
				CLANG_WARN_DIRECT_OBJC_ISA_USAGE = YES_ERROR;
				CLANG_WARN_EMPTY_BODY = YES;
				CLANG_WARN_ENUM_CONVERSION = YES;
				CLANG_WARN_INT_CONVERSION = YES;
				CLANG_WARN_OBJC_ROOT_CLASS = YES_ERROR;
				CLANG_WARN_UNREACHABLE_CODE = YES;
				CLANG_WARN__DUPLICATE_METHOD_MATCH = YES;
				"CODE_SIGN_IDENTITY[sdk=iphoneos*]" = "iPhone Developer";
				COPY_PHASE_STRIP = YES;
				ENABLE_NS_ASSERTIONS = NO;
				ENABLE_STRICT_OBJC_MSGSEND = YES;
				GCC_C_LANGUAGE_STANDARD = gnu99;
				GCC_WARN_64_TO_32_BIT_CONVERSION = YES;
				GCC_WARN_ABOUT_RETURN_TYPE = YES_ERROR;
				GCC_WARN_UNDECLARED_SELECTOR = YES;
				GCC_WARN_UNINITIALIZED_AUTOS = YES_AGGRESSIVE;
				GCC_WARN_UNUSED_FUNCTION = YES;
				GCC_WARN_UNUSED_VARIABLE = YES;
				IPHONEOS_DEPLOYMENT_TARGET = 8.1;
				MTL_ENABLE_DEBUG_INFO = NO;
				SDKROOT = iphoneos;
				VALIDATE_PRODUCT = YES;
			};
			name = Release;
		};
		00BD07381B76970000CA4DB7 /* Debug */ = {
			isa = XCBuildConfiguration;
			buildSettings = {
				ASSETCATALOG_COMPILER_APPICON_NAME = AppIcon;
				INFOPLIST_FILE = ViewControllerExample/Info.plist;
				LD_RUNPATH_SEARCH_PATHS = "$(inherited) @executable_path/Frameworks";
				PRODUCT_NAME = "$(TARGET_NAME)";
			};
			name = Debug;
		};
		00BD07391B76970000CA4DB7 /* Release */ = {
			isa = XCBuildConfiguration;
			buildSettings = {
				ASSETCATALOG_COMPILER_APPICON_NAME = AppIcon;
				INFOPLIST_FILE = ViewControllerExample/Info.plist;
				LD_RUNPATH_SEARCH_PATHS = "$(inherited) @executable_path/Frameworks";
				PRODUCT_NAME = "$(TARGET_NAME)";
			};
			name = Release;
		};
		00BD073B1B76970000CA4DB7 /* Debug */ = {
			isa = XCBuildConfiguration;
			buildSettings = {
				BUNDLE_LOADER = "$(TEST_HOST)";
				FRAMEWORK_SEARCH_PATHS = (
					"$(SDKROOT)/Developer/Library/Frameworks",
					"$(inherited)",
				);
				GCC_PREPROCESSOR_DEFINITIONS = (
					"DEBUG=1",
					"$(inherited)",
				);
				INFOPLIST_FILE = ViewControllerExampleTests/Info.plist;
				LD_RUNPATH_SEARCH_PATHS = "$(inherited) @executable_path/Frameworks @loader_path/Frameworks";
				PRODUCT_NAME = "$(TARGET_NAME)";
				TEST_HOST = "$(BUILT_PRODUCTS_DIR)/ViewControllerExample.app/ViewControllerExample";
			};
			name = Debug;
		};
		00BD073C1B76970000CA4DB7 /* Release */ = {
			isa = XCBuildConfiguration;
			buildSettings = {
				BUNDLE_LOADER = "$(TEST_HOST)";
				FRAMEWORK_SEARCH_PATHS = (
					"$(SDKROOT)/Developer/Library/Frameworks",
					"$(inherited)",
				);
				INFOPLIST_FILE = ViewControllerExampleTests/Info.plist;
				LD_RUNPATH_SEARCH_PATHS = "$(inherited) @executable_path/Frameworks @loader_path/Frameworks";
				PRODUCT_NAME = "$(TARGET_NAME)";
				TEST_HOST = "$(BUILT_PRODUCTS_DIR)/ViewControllerExample.app/ViewControllerExample";
			};
			name = Release;
		};
/* End XCBuildConfiguration section */

/* Begin XCConfigurationList section */
		00BD070F1B76970000CA4DB7 /* Build configuration list for PBXProject "ViewControllerExample" */ = {
			isa = XCConfigurationList;
			buildConfigurations = (
				00BD07351B76970000CA4DB7 /* Debug */,
				00BD07361B76970000CA4DB7 /* Release */,
			);
			defaultConfigurationIsVisible = 0;
			defaultConfigurationName = Release;
		};
		00BD07371B76970000CA4DB7 /* Build configuration list for PBXNativeTarget "ViewControllerExample" */ = {
			isa = XCConfigurationList;
			buildConfigurations = (
				00BD07381B76970000CA4DB7 /* Debug */,
				00BD07391B76970000CA4DB7 /* Release */,
			);
			defaultConfigurationIsVisible = 0;
		};
		00BD073A1B76970000CA4DB7 /* Build configuration list for PBXNativeTarget "ViewControllerExampleTests" */ = {
			isa = XCConfigurationList;
			buildConfigurations = (
				00BD073B1B76970000CA4DB7 /* Debug */,
				00BD073C1B76970000CA4DB7 /* Release */,
			);
			defaultConfigurationIsVisible = 0;
		};
/* End XCConfigurationList section */
	};
	rootObject = 00BD070C1B76970000CA4DB7 /* Project object */;
}
