// !$*UTF8*$!
{
	archiveVersion = 1;
	classes = {
	};
	objectVersion = 46;
	objects = {

/* Begin PBXBuildFile section */
		00BFEE131B7A737600722B66 /* main.m in Sources */ = {isa = PBXBuildFile; fileRef = 00BFEE121B7A737600722B66 /* main.m */; };
		00BFEE1E1B7A73C400722B66 /* DateDemo.m in Sources */ = {isa = PBXBuildFile; fileRef = 00BFEE1D1B7A73C400722B66 /* DateDemo.m */; };
/* End PBXBuildFile section */

/* Begin PBXCopyFilesBuildPhase section */
		00BFEE0D1B7A737600722B66 /* CopyFiles */ = {
			isa = PBXCopyFilesBuildPhase;
			buildActionMask = 2147483647;
			dstPath = /usr/share/man/man1/;
			dstSubfolderSpec = 0;
			files = (
			);
			runOnlyForDeploymentPostprocessing = 1;
		};
/* End PBXCopyFilesBuildPhase section */

/* Begin PBXFileReference section */
		00BFEE0F1B7A737600722B66 /* DateExample */ = {isa = PBXFileReference; explicitFileType = "compiled.mach-o.executable"; includeInIndex = 0; path = DateExample; sourceTree = BUILT_PRODUCTS_DIR; };
		00BFEE121B7A737600722B66 /* main.m */ = {isa = PBXFileReference; lastKnownFileType = sourcecode.c.objc; path = main.m; sourceTree = "<group>"; };
		00BFEE1C1B7A73C400722B66 /* DateDemo.h */ = {isa = PBXFileReference; fileEncoding = 4; lastKnownFileType = sourcecode.c.h; path = DateDemo.h; sourceTree = "<group>"; };
		00BFEE1D1B7A73C400722B66 /* DateDemo.m */ = {isa = PBXFileReference; fileEncoding = 4; lastKnownFileType = sourcecode.c.objc; path = DateDemo.m; sourceTree = "<group>"; };
/* End PBXFileReference section */

/* Begin PBXFrameworksBuildPhase section */
		00BFEE0C1B7A737600722B66 /* Frameworks */ = {
			isa = PBXFrameworksBuildPhase;
			buildActionMask = 2147483647;
			files = (
			);
			runOnlyForDeploymentPostprocessing = 0;
		};
/* End PBXFrameworksBuildPhase section */

/* Begin PBXGroup section */
		00BFEE061B7A737600722B66 = {
			isa = PBXGroup;
			children = (
				00BFEE111B7A737600722B66 /* DateExample */,
				00BFEE101B7A737600722B66 /* Products */,
			);
			sourceTree = "<group>";
		};
		00BFEE101B7A737600722B66 /* Products */ = {
			isa = PBXGroup;
			children = (
				00BFEE0F1B7A737600722B66 /* DateExample */,
			);
			name = Products;
			sourceTree = "<group>";
		};
		00BFEE111B7A737600722B66 /* DateExample */ = {
			isa = PBXGroup;
			children = (
				00BFEE121B7A737600722B66 /* main.m */,
				00BFEE1C1B7A73C400722B66 /* DateDemo.h */,
				00BFEE1D1B7A73C400722B66 /* DateDemo.m */,
			);
			path = DateExample;
			sourceTree = "<group>";
		};
/* End PBXGroup section */

/* Begin PBXNativeTarget section */
		00BFEE0E1B7A737600722B66 /* DateExample */ = {
			isa = PBXNativeTarget;
			buildConfigurationList = 00BFEE161B7A737600722B66 /* Build configuration list for PBXNativeTarget "DateExample" */;
			buildPhases = (
				00BFEE0B1B7A737600722B66 /* Sources */,
				00BFEE0C1B7A737600722B66 /* Frameworks */,
				00BFEE0D1B7A737600722B66 /* CopyFiles */,
			);
			buildRules = (
			);
			dependencies = (
			);
			name = DateExample;
			productName = DateExample;
			productReference = 00BFEE0F1B7A737600722B66 /* DateExample */;
			productType = "com.apple.product-type.tool";
		};
/* End PBXNativeTarget section */

/* Begin PBXProject section */
		00BFEE071B7A737600722B66 /* Project object */ = {
			isa = PBXProject;
			attributes = {
				LastUpgradeCheck = 0610;
				ORGANIZATIONNAME = Robin;
				TargetAttributes = {
					00BFEE0E1B7A737600722B66 = {
						CreatedOnToolsVersion = 6.1.1;
					};
				};
			};
			buildConfigurationList = 00BFEE0A1B7A737600722B66 /* Build configuration list for PBXProject "DateExample" */;
			compatibilityVersion = "Xcode 3.2";
			developmentRegion = English;
			hasScannedForEncodings = 0;
			knownRegions = (
				en,
			);
			mainGroup = 00BFEE061B7A737600722B66;
			productRefGroup = 00BFEE101B7A737600722B66 /* Products */;
			projectDirPath = "";
			projectRoot = "";
			targets = (
				00BFEE0E1B7A737600722B66 /* DateExample */,
			);
		};
/* End PBXProject section */

/* Begin PBXSourcesBuildPhase section */
		00BFEE0B1B7A737600722B66 /* Sources */ = {
			isa = PBXSourcesBuildPhase;
			buildActionMask = 2147483647;
			files = (
				00BFEE1E1B7A73C400722B66 /* DateDemo.m in Sources */,
				00BFEE131B7A737600722B66 /* main.m in Sources */,
			);
			runOnlyForDeploymentPostprocessing = 0;
		};
/* End PBXSourcesBuildPhase section */

/* Begin XCBuildConfiguration section */
		00BFEE141B7A737600722B66 /* Debug */ = {
			isa = XCBuildConfiguration;
			buildSettings = {
				ALWAYS_SEARCH_USER_PATHS = NO;
				CLANG_CXX_LANGUAGE_STANDARD = "gnu++0x";
				CLANG_CXX_LIBRARY = "libc++";
				CLANG_ENABLE_MODULES = YES;
				CLANG_ENABLE_OBJC_ARC = YES;
				CLANG_WARN_BOOL_CONVERSION = YES;
				CLANG_WARN_CONSTANT_CONVERSION = YES;
				CLANG_WARN_DIRECT_OBJC_ISA_USAGE = YES_ERROR;
				CLANG_WARN_EMPTY_BODY = YES;
				CLANG_WARN_ENUM_CONVERSION = YES;
				CLANG_WARN_INT_CONVERSION = YES;
				CLANG_WARN_OBJC_ROOT_CLASS = YES_ERROR;
				CLANG_WARN_UNREACHABLE_CODE = YES;
				CLANG_WARN__DUPLICATE_METHOD_MATCH = YES;
				COPY_PHASE_STRIP = NO;
				ENABLE_STRICT_OBJC_MSGSEND = YES;
				GCC_C_LANGUAGE_STANDARD = gnu99;
				GCC_DYNAMIC_NO_PIC = NO;
				GCC_OPTIMIZATION_LEVEL = 0;
				GCC_PREPROCESSOR_DEFINITIONS = (
					"DEBUG=1",
					"$(inherited)",
				);
				GCC_SYMBOLS_PRIVATE_EXTERN = NO;
				GCC_WARN_64_TO_32_BIT_CONVERSION = YES;
				GCC_WARN_ABOUT_RETURN_TYPE = YES_ERROR;
				GCC_WARN_UNDECLARED_SELECTOR = YES;
				GCC_WARN_UNINITIALIZED_AUTOS = YES_AGGRESSIVE;
				GCC_WARN_UNUSED_FUNCTION = YES;
				GCC_WARN_UNUSED_VARIABLE = YES;
				MACOSX_DEPLOYMENT_TARGET = 10.10;
				MTL_ENABLE_DEBUG_INFO = YES;
				ONLY_ACTIVE_ARCH = YES;
				SDKROOT = macosx;
			};
			name = Debug;
		};
		00BFEE151B7A737600722B66 /* Release */ = {
			isa = XCBuildConfiguration;
			buildSettings = {
				ALWAYS_SEARCH_USER_PATHS = NO;
				CLANG_CXX_LANGUAGE_STANDARD = "gnu++0x";
				CLANG_CXX_LIBRARY = "libc++";
				CLANG_ENABLE_MODULES = YES;
				CLANG_ENABLE_OBJC_ARC = YES;
				CLANG_WARN_BOOL_CONVERSION = YES;
				CLANG_WARN_CONSTANT_CONVERSION = YES;
				CLANG_WARN_DIRECT_OBJC_ISA_USAGE = YES_ERROR;
				CLANG_WARN_EMPTY_BODY = YES;
				CLANG_WARN_ENUM_CONVERSION = YES;
				CLANG_WARN_INT_CONVERSION = YES;
				CLANG_WARN_OBJC_ROOT_CLASS = YES_ERROR;
				CLANG_WARN_UNREACHABLE_CODE = YES;
				CLANG_WARN__DUPLICATE_METHOD_MATCH = YES;
				COPY_PHASE_STRIP = YES;
				DEBUG_INFORMATION_FORMAT = "dwarf-with-dsym";
				ENABLE_NS_ASSERTIONS = NO;
				ENABLE_STRICT_OBJC_MSGSEND = YES;
				GCC_C_LANGUAGE_STANDARD = gnu99;
				GCC_WARN_64_TO_32_BIT_CONVERSION = YES;
				GCC_WARN_ABOUT_RETURN_TYPE = YES_ERROR;
				GCC_WARN_UNDECLARED_SELECTOR = YES;
				GCC_WARN_UNINITIALIZED_AUTOS = YES_AGGRESSIVE;
				GCC_WARN_UNUSED_FUNCTION = YES;
				GCC_WARN_UNUSED_VARIABLE = YES;
				MACOSX_DEPLOYMENT_TARGET = 10.10;
				MTL_ENABLE_DEBUG_INFO = NO;
				SDKROOT = macosx;
			};
			name = Release;
		};
		00BFEE171B7A737600722B66 /* Debug */ = {
			isa = XCBuildConfiguration;
			buildSettings = {
				PRODUCT_NAME = "$(TARGET_NAME)";
			};
			name = Debug;
		};
		00BFEE181B7A737600722B66 /* Release */ = {
			isa = XCBuildConfiguration;
			buildSettings = {
				PRODUCT_NAME = "$(TARGET_NAME)";
			};
			name = Release;
		};
/* End XCBuildConfiguration section */

/* Begin XCConfigurationList section */
		00BFEE0A1B7A737600722B66 /* Build configuration list for PBXProject "DateExample" */ = {
			isa = XCConfigurationList;
			buildConfigurations = (
				00BFEE141B7A737600722B66 /* Debug */,
				00BFEE151B7A737600722B66 /* Release */,
			);
			defaultConfigurationIsVisible = 0;
			defaultConfigurationName = Release;
		};
		00BFEE161B7A737600722B66 /* Build configuration list for PBXNativeTarget "DateExample" */ = {
			isa = XCConfigurationList;
			buildConfigurations = (
				00BFEE171B7A737600722B66 /* Debug */,
				00BFEE181B7A737600722B66 /* Release */,
			);
			defaultConfigurationIsVisible = 0;
		};
/* End XCConfigurationList section */
	};
	rootObject = 00BFEE071B7A737600722B66 /* Project object */;
}
